// !$*UTF8*$!
{
	archiveVersion = 1;
	classes = {
	};
	objectVersion = 46;
	objects = {

/* Begin PBXBuildFile section */
		CE27685319AC57D500416A8C /* Foundation.framework in Frameworks */ = {isa = PBXBuildFile; fileRef = CE27685219AC57D500416A8C /* Foundation.framework */; };
		CE27685819AC57D500416A8C /* HB_DZLIB.h in CopyFiles */ = {isa = PBXBuildFile; fileRef = CE27685719AC57D500416A8C /* HB_DZLIB.h */; };
		CE27685A19AC57D500416A8C /* HB_DZLIB.m in Sources */ = {isa = PBXBuildFile; fileRef = CE27685919AC57D500416A8C /* HB_DZLIB.m */; };
		CE276FBB19AC5A1700416A8C /* CoreImage.framework in Frameworks */ = {isa = PBXBuildFile; fileRef = CE276FBA19AC5A1700416A8C /* CoreImage.framework */; };
		CE276FBD19AC5A2C00416A8C /* AssetsLibrary.framework in Frameworks */ = {isa = PBXBuildFile; fileRef = CE276FBC19AC5A2C00416A8C /* AssetsLibrary.framework */; };
		CE276FBF19AC5A5B00416A8C /* CoreGraphics.framework in Frameworks */ = {isa = PBXBuildFile; fileRef = CE276FBE19AC5A5B00416A8C /* CoreGraphics.framework */; };
		CE276FC119AC5A6300416A8C /* CoreText.framework in Frameworks */ = {isa = PBXBuildFile; fileRef = CE276FC019AC5A6300416A8C /* CoreText.framework */; };
		CE276FE519AC5B1800416A8C /* UIKit.framework in Frameworks */ = {isa = PBXBuildFile; fileRef = CE276FE419AC5B1800416A8C /* UIKit.framework */; };
		CE27707A19AC69D600416A8C /* NSData+base64.m in Sources */ = {isa = PBXBuildFile; fileRef = CE276FEA19AC69D600416A8C /* NSData+base64.m */; };
		CE27707B19AC69D600416A8C /* AssetHelper.m in Sources */ = {isa = PBXBuildFile; fileRef = CE276FED19AC69D600416A8C /* AssetHelper.m */; };
		CE27707C19AC69D600416A8C /* DoAlbumCell.m in Sources */ = {isa = PBXBuildFile; fileRef = CE276FEF19AC69D600416A8C /* DoAlbumCell.m */; };
		CE27707D19AC69D600416A8C /* DoImagePickerController.m in Sources */ = {isa = PBXBuildFile; fileRef = CE276FF219AC69D600416A8C /* DoImagePickerController.m */; };
		CE27707E19AC69D600416A8C /* DoPhotoCell.m in Sources */ = {isa = PBXBuildFile; fileRef = CE276FF519AC69D600416A8C /* DoPhotoCell.m */; };
		CE27707F19AC69D600416A8C /* AttributeConfig.m in Sources */ = {isa = PBXBuildFile; fileRef = CE27700719AC69D600416A8C /* AttributeConfig.m */; };
		CE27708019AC69D600416A8C /* CAParagraphLayer.m in Sources */ = {isa = PBXBuildFile; fileRef = CE27700919AC69D600416A8C /* CAParagraphLayer.m */; };
		CE27708119AC69D600416A8C /* ContentViewTiledLayer.m in Sources */ = {isa = PBXBuildFile; fileRef = CE27700B19AC69D600416A8C /* ContentViewTiledLayer.m */; };
		CE27708219AC69D600416A8C /* FastTextStorage.m in Sources */ = {isa = PBXBuildFile; fileRef = CE27700D19AC69D600416A8C /* FastTextStorage.m */; };
		CE27708319AC69D600416A8C /* FastTextView.m in Sources */ = {isa = PBXBuildFile; fileRef = CE27700F19AC69D600416A8C /* FastTextView.m */; };
		CE27708419AC69D600416A8C /* FileWrapperObject.m in Sources */ = {isa = PBXBuildFile; fileRef = CE27701119AC69D600416A8C /* FileWrapperObject.m */; };
		CE27708519AC69D600416A8C /* NSAttributedString+TextUtil.m in Sources */ = {isa = PBXBuildFile; fileRef = CE27701319AC69D600416A8C /* NSAttributedString+TextUtil.m */; };
		CE27708619AC69D600416A8C /* NSMutableAttributedString+TextUtil.m in Sources */ = {isa = PBXBuildFile; fileRef = CE27701519AC69D600416A8C /* NSMutableAttributedString+TextUtil.m */; };
		CE27708719AC69D600416A8C /* TextAttchment.m in Sources */ = {isa = PBXBuildFile; fileRef = CE27701719AC69D600416A8C /* TextAttchment.m */; };
		CE27708819AC69D600416A8C /* TextParagraph.m in Sources */ = {isa = PBXBuildFile; fileRef = CE27701919AC69D600416A8C /* TextParagraph.m */; };
		CE27708919AC69D600416A8C /* UIFont+TextUtil.m in Sources */ = {isa = PBXBuildFile; fileRef = CE27701B19AC69D600416A8C /* UIFont+TextUtil.m */; };
		CE27708A19AC69D600416A8C /* KGStatusBar.m in Sources */ = {isa = PBXBuildFile; fileRef = CE27701E19AC69D600416A8C /* KGStatusBar.m */; };
		CE27708B19AC69D600416A8C /* bitstream.c in Sources */ = {isa = PBXBuildFile; fileRef = CE27702019AC69D600416A8C /* bitstream.c */; };
		CE27708C19AC69D600416A8C /* mask.c in Sources */ = {isa = PBXBuildFile; fileRef = CE27702219AC69D600416A8C /* mask.c */; };
		CE27708D19AC69D600416A8C /* QRCodeGenerator.m in Sources */ = {isa = PBXBuildFile; fileRef = CE27702519AC69D600416A8C /* QRCodeGenerator.m */; };
		CE27708E19AC69D600416A8C /* qrencode.c in Sources */ = {isa = PBXBuildFile; fileRef = CE27702619AC69D600416A8C /* qrencode.c */; };
		CE27708F19AC69D600416A8C /* qrinput.c in Sources */ = {isa = PBXBuildFile; fileRef = CE27702819AC69D600416A8C /* qrinput.c */; };
		CE27709019AC69D600416A8C /* qrspec.c in Sources */ = {isa = PBXBuildFile; fileRef = CE27702A19AC69D600416A8C /* qrspec.c */; };
		CE27709119AC69D600416A8C /* rscode.c in Sources */ = {isa = PBXBuildFile; fileRef = CE27702C19AC69D600416A8C /* rscode.c */; };
		CE27709219AC69D600416A8C /* split.c in Sources */ = {isa = PBXBuildFile; fileRef = CE27702E19AC69D600416A8C /* split.c */; };
		CE27709319AC69D600416A8C /* LXActionSheet.m in Sources */ = {isa = PBXBuildFile; fileRef = CE27703219AC69D600416A8C /* LXActionSheet.m */; };
		CE27709519AC69D600416A8C /* pinyin.c in Sources */ = {isa = PBXBuildFile; fileRef = CE27703719AC69D600416A8C /* pinyin.c */; };
		CE27709619AC69D600416A8C /* NSMutableAttributedString+Helper.m in Sources */ = {isa = PBXBuildFile; fileRef = CE27704619AC69D600416A8C /* NSMutableAttributedString+Helper.m */; };
		CE27709719AC69D600416A8C /* SECompatibility.m in Sources */ = {isa = PBXBuildFile; fileRef = CE27704819AC69D600416A8C /* SECompatibility.m */; };
		CE27709819AC69D600416A8C /* SEConstants.m in Sources */ = {isa = PBXBuildFile; fileRef = CE27704A19AC69D600416A8C /* SEConstants.m */; };
		CE27709919AC69D600416A8C /* SELineLayout.m in Sources */ = {isa = PBXBuildFile; fileRef = CE27704D19AC69D600416A8C /* SELineLayout.m */; };
		CE27709A19AC69D600416A8C /* SELinkText.m in Sources */ = {isa = PBXBuildFile; fileRef = CE27704F19AC69D600416A8C /* SELinkText.m */; };
		CE27709B19AC69D600416A8C /* SESelectionGrabber.m in Sources */ = {isa = PBXBuildFile; fileRef = CE27705119AC69D600416A8C /* SESelectionGrabber.m */; };
		CE27709C19AC69D600416A8C /* SETextAttachment.m in Sources */ = {isa = PBXBuildFile; fileRef = CE27705319AC69D600416A8C /* SETextAttachment.m */; };
		CE27709D19AC69D600416A8C /* SETextEditingCaret.m in Sources */ = {isa = PBXBuildFile; fileRef = CE27705519AC69D600416A8C /* SETextEditingCaret.m */; };
		CE27709E19AC69D600416A8C /* SETextGeometry.m in Sources */ = {isa = PBXBuildFile; fileRef = CE27705719AC69D600416A8C /* SETextGeometry.m */; };
		CE27709F19AC69D600416A8C /* SETextInput.m in Sources */ = {isa = PBXBuildFile; fileRef = CE27705919AC69D600416A8C /* SETextInput.m */; };
		CE2770A019AC69D600416A8C /* SETextLayout.m in Sources */ = {isa = PBXBuildFile; fileRef = CE27705B19AC69D600416A8C /* SETextLayout.m */; };
		CE2770A119AC69D600416A8C /* SETextMagnifierCaret.m in Sources */ = {isa = PBXBuildFile; fileRef = CE27705D19AC69D600416A8C /* SETextMagnifierCaret.m */; };
		CE2770A219AC69D600416A8C /* SETextMagnifierRanged.m in Sources */ = {isa = PBXBuildFile; fileRef = CE27705F19AC69D600416A8C /* SETextMagnifierRanged.m */; };
		CE2770A319AC69D600416A8C /* SETextSelection.m in Sources */ = {isa = PBXBuildFile; fileRef = CE27706119AC69D600416A8C /* SETextSelection.m */; };
		CE2770A419AC69D600416A8C /* SETextSelectionView.m in Sources */ = {isa = PBXBuildFile; fileRef = CE27706319AC69D600416A8C /* SETextSelectionView.m */; };
		CE2770A519AC69D600416A8C /* SETextView.m in Sources */ = {isa = PBXBuildFile; fileRef = CE27706519AC69D600416A8C /* SETextView.m */; };
		CE2770A619AC69D600416A8C /* SEPhotoView.m in Sources */ = {isa = PBXBuildFile; fileRef = CE27706719AC69D600416A8C /* SEPhotoView.m */; };
		CE2770A719AC69D600416A8C /* TSLocateView.m in Sources */ = {isa = PBXBuildFile; fileRef = CE27707319AC69D600416A8C /* TSLocateView.m */; };
		CE2770A819AC69D600416A8C /* TSLocation.m in Sources */ = {isa = PBXBuildFile; fileRef = CE27707519AC69D600416A8C /* TSLocation.m */; };
		CE2770A919AC69D600416A8C /* ZYQAssetPickerController.m in Sources */ = {isa = PBXBuildFile; fileRef = CE27707919AC69D600416A8C /* ZYQAssetPickerController.m */; };
		CE27716D19AC6BF700416A8C /* FaceBoard.m in Sources */ = {isa = PBXBuildFile; fileRef = CE2770D319AC6BF700416A8C /* FaceBoard.m */; settings = {COMPILER_FLAGS = "-fno-objc-arc"; }; };
		CE27716E19AC6BF700416A8C /* FaceButton.m in Sources */ = {isa = PBXBuildFile; fileRef = CE2770D519AC6BF700416A8C /* FaceButton.m */; settings = {COMPILER_FLAGS = "-fno-objc-arc"; }; };
		CE27716F19AC6BF700416A8C /* GrayPageControl.m in Sources */ = {isa = PBXBuildFile; fileRef = CE2770D719AC6BF700416A8C /* GrayPageControl.m */; settings = {COMPILER_FLAGS = "-fno-objc-arc"; }; };
		CE27717D19AC6BF700416A8C /* RCLabel.m in Sources */ = {isa = PBXBuildFile; fileRef = CE27715319AC6BF700416A8C /* RCLabel.m */; settings = {COMPILER_FLAGS = "-fno-objc-arc"; }; };
		CE27717E19AC6BF700416A8C /* RTLabel.m in Sources */ = {isa = PBXBuildFile; fileRef = CE27715519AC6BF700416A8C /* RTLabel.m */; settings = {COMPILER_FLAGS = "-fno-objc-arc"; }; };
		CE27717F19AC6BF700416A8C /* QCListViewController.m in Sources */ = {isa = PBXBuildFile; fileRef = CE27715A19AC6BF700416A8C /* QCListViewController.m */; settings = {COMPILER_FLAGS = "-fno-objc-arc"; }; };
		CE27718019AC6BF700416A8C /* QCSlideSwitchView.m in Sources */ = {isa = PBXBuildFile; fileRef = CE27715D19AC6BF700416A8C /* QCSlideSwitchView.m */; settings = {COMPILER_FLAGS = "-fno-objc-arc"; }; };
		CE27718219AC6BF700416A8C /* QCViewController.m in Sources */ = {isa = PBXBuildFile; fileRef = CE27716219AC6BF700416A8C /* QCViewController.m */; settings = {COMPILER_FLAGS = "-fno-objc-arc"; }; };
		CE27718319AC6BF700416A8C /* SVGloble.m in Sources */ = {isa = PBXBuildFile; fileRef = CE27716619AC6BF700416A8C /* SVGloble.m */; settings = {COMPILER_FLAGS = "-fno-objc-arc"; }; };
		CE27718419AC6BF700416A8C /* SVRootScrollView.m in Sources */ = {isa = PBXBuildFile; fileRef = CE27716819AC6BF700416A8C /* SVRootScrollView.m */; settings = {COMPILER_FLAGS = "-fno-objc-arc"; }; };
		CE27718519AC6BF700416A8C /* SVTopScrollView.m in Sources */ = {isa = PBXBuildFile; fileRef = CE27716A19AC6BF700416A8C /* SVTopScrollView.m */; settings = {COMPILER_FLAGS = "-fno-objc-arc"; }; };
		CE27718619AC6BF700416A8C /* UIButton+RedPoint.m in Sources */ = {isa = PBXBuildFile; fileRef = CE27716C19AC6BF700416A8C /* UIButton+RedPoint.m */; settings = {COMPILER_FLAGS = "-fno-objc-arc"; }; };
		CE27719819AC6F3000416A8C /* MJRefreshBaseView.m in Sources */ = {isa = PBXBuildFile; fileRef = CE27718B19AC6F3000416A8C /* MJRefreshBaseView.m */; };
		CE27719919AC6F3000416A8C /* MJRefreshConst.m in Sources */ = {isa = PBXBuildFile; fileRef = CE27718D19AC6F3000416A8C /* MJRefreshConst.m */; };
		CE27719A19AC6F3000416A8C /* MJRefreshFooterView.m in Sources */ = {isa = PBXBuildFile; fileRef = CE27718F19AC6F3000416A8C /* MJRefreshFooterView.m */; };
		CE27719B19AC6F3000416A8C /* MJRefreshHeaderView.m in Sources */ = {isa = PBXBuildFile; fileRef = CE27719119AC6F3000416A8C /* MJRefreshHeaderView.m */; };
		CE27719C19AC6F3000416A8C /* UIScrollView+Extension.m in Sources */ = {isa = PBXBuildFile; fileRef = CE27719319AC6F3000416A8C /* UIScrollView+Extension.m */; };
		CE27719D19AC6F3000416A8C /* UIScrollView+MJRefresh.m in Sources */ = {isa = PBXBuildFile; fileRef = CE27719519AC6F3000416A8C /* UIScrollView+MJRefresh.m */; };
		CE27719E19AC6F3000416A8C /* UIView+Extension.m in Sources */ = {isa = PBXBuildFile; fileRef = CE27719719AC6F3000416A8C /* UIView+Extension.m */; };
		CE2771A219AC70C700416A8C /* MyRect.m in Sources */ = {isa = PBXBuildFile; fileRef = CE2771A119AC70C700416A8C /* MyRect.m */; };
/* End PBXBuildFile section */

/* Begin PBXCopyFilesBuildPhase section */
		CE27684D19AC57D500416A8C /* CopyFiles */ = {
			isa = PBXCopyFilesBuildPhase;
			buildActionMask = 2147483647;
			dstPath = "include/$(PRODUCT_NAME)";
			dstSubfolderSpec = 16;
			files = (
				CE27685819AC57D500416A8C /* HB_DZLIB.h in CopyFiles */,
			);
			runOnlyForDeploymentPostprocessing = 0;
		};
/* End PBXCopyFilesBuildPhase section */

/* Begin PBXFileReference section */
		CE27684F19AC57D500416A8C /* libHB_DZLIB.a */ = {isa = PBXFileReference; explicitFileType = archive.ar; includeInIndex = 0; path = libHB_DZLIB.a; sourceTree = BUILT_PRODUCTS_DIR; };
		CE27685219AC57D500416A8C /* Foundation.framework */ = {isa = PBXFileReference; lastKnownFileType = wrapper.framework; name = Foundation.framework; path = System/Library/Frameworks/Foundation.framework; sourceTree = SDKROOT; };
		CE27685619AC57D500416A8C /* HB_DZLIB-Prefix.pch */ = {isa = PBXFileReference; lastKnownFileType = sourcecode.c.h; path = "HB_DZLIB-Prefix.pch"; sourceTree = "<group>"; };
		CE27685719AC57D500416A8C /* HB_DZLIB.h */ = {isa = PBXFileReference; lastKnownFileType = sourcecode.c.h; path = HB_DZLIB.h; sourceTree = "<group>"; };
		CE27685919AC57D500416A8C /* HB_DZLIB.m */ = {isa = PBXFileReference; lastKnownFileType = sourcecode.c.objc; path = HB_DZLIB.m; sourceTree = "<group>"; };
		CE27686019AC57D600416A8C /* XCTest.framework */ = {isa = PBXFileReference; lastKnownFileType = wrapper.framework; name = XCTest.framework; path = Library/Frameworks/XCTest.framework; sourceTree = DEVELOPER_DIR; };
		CE27686A19AC57D600416A8C /* HB_DZLIBTests-Info.plist */ = {isa = PBXFileReference; lastKnownFileType = text.plist.xml; path = "HB_DZLIBTests-Info.plist"; sourceTree = "<group>"; };
		CE27686C19AC57D600416A8C /* en */ = {isa = PBXFileReference; lastKnownFileType = text.plist.strings; name = en; path = en.lproj/InfoPlist.strings; sourceTree = "<group>"; };
		CE27686E19AC57D600416A8C /* HB_DZLIBTests.m */ = {isa = PBXFileReference; lastKnownFileType = sourcecode.c.objc; path = HB_DZLIBTests.m; sourceTree = "<group>"; };
		CE276FAF19AC58D100416A8C /* HB_DZLIBHEADER.h */ = {isa = PBXFileReference; fileEncoding = 4; lastKnownFileType = sourcecode.c.h; path = HB_DZLIBHEADER.h; sourceTree = "<group>"; };
		CE276FBA19AC5A1700416A8C /* CoreImage.framework */ = {isa = PBXFileReference; lastKnownFileType = wrapper.framework; name = CoreImage.framework; path = System/Library/Frameworks/CoreImage.framework; sourceTree = SDKROOT; };
		CE276FBC19AC5A2C00416A8C /* AssetsLibrary.framework */ = {isa = PBXFileReference; lastKnownFileType = wrapper.framework; name = AssetsLibrary.framework; path = System/Library/Frameworks/AssetsLibrary.framework; sourceTree = SDKROOT; };
		CE276FBE19AC5A5B00416A8C /* CoreGraphics.framework */ = {isa = PBXFileReference; lastKnownFileType = wrapper.framework; name = CoreGraphics.framework; path = System/Library/Frameworks/CoreGraphics.framework; sourceTree = SDKROOT; };
		CE276FC019AC5A6300416A8C /* CoreText.framework */ = {isa = PBXFileReference; lastKnownFileType = wrapper.framework; name = CoreText.framework; path = System/Library/Frameworks/CoreText.framework; sourceTree = SDKROOT; };
		CE276FE419AC5B1800416A8C /* UIKit.framework */ = {isa = PBXFileReference; lastKnownFileType = wrapper.framework; name = UIKit.framework; path = System/Library/Frameworks/UIKit.framework; sourceTree = SDKROOT; };
		CE276FE919AC69D600416A8C /* NSData+base64.h */ = {isa = PBXFileReference; fileEncoding = 4; lastKnownFileType = sourcecode.c.h; path = "NSData+base64.h"; sourceTree = "<group>"; };
		CE276FEA19AC69D600416A8C /* NSData+base64.m */ = {isa = PBXFileReference; fileEncoding = 4; lastKnownFileType = sourcecode.c.objc; path = "NSData+base64.m"; sourceTree = "<group>"; };
		CE276FEC19AC69D600416A8C /* AssetHelper.h */ = {isa = PBXFileReference; fileEncoding = 4; lastKnownFileType = sourcecode.c.h; path = AssetHelper.h; sourceTree = "<group>"; };
		CE276FED19AC69D600416A8C /* AssetHelper.m */ = {isa = PBXFileReference; fileEncoding = 4; lastKnownFileType = sourcecode.c.objc; path = AssetHelper.m; sourceTree = "<group>"; };
		CE276FEE19AC69D600416A8C /* DoAlbumCell.h */ = {isa = PBXFileReference; fileEncoding = 4; lastKnownFileType = sourcecode.c.h; path = DoAlbumCell.h; sourceTree = "<group>"; };
		CE276FEF19AC69D600416A8C /* DoAlbumCell.m */ = {isa = PBXFileReference; fileEncoding = 4; lastKnownFileType = sourcecode.c.objc; path = DoAlbumCell.m; sourceTree = "<group>"; };
		CE276FF019AC69D600416A8C /* DoAlbumCell.xib */ = {isa = PBXFileReference; fileEncoding = 4; lastKnownFileType = file.xib; path = DoAlbumCell.xib; sourceTree = "<group>"; };
		CE276FF119AC69D600416A8C /* DoImagePickerController.h */ = {isa = PBXFileReference; fileEncoding = 4; lastKnownFileType = sourcecode.c.h; path = DoImagePickerController.h; sourceTree = "<group>"; };
		CE276FF219AC69D600416A8C /* DoImagePickerController.m */ = {isa = PBXFileReference; fileEncoding = 4; lastKnownFileType = sourcecode.c.objc; path = DoImagePickerController.m; sourceTree = "<group>"; };
		CE276FF319AC69D600416A8C /* DoImagePickerController.xib */ = {isa = PBXFileReference; fileEncoding = 4; lastKnownFileType = file.xib; path = DoImagePickerController.xib; sourceTree = "<group>"; };
		CE276FF419AC69D600416A8C /* DoPhotoCell.h */ = {isa = PBXFileReference; fileEncoding = 4; lastKnownFileType = sourcecode.c.h; path = DoPhotoCell.h; sourceTree = "<group>"; };
		CE276FF519AC69D600416A8C /* DoPhotoCell.m */ = {isa = PBXFileReference; fileEncoding = 4; lastKnownFileType = sourcecode.c.objc; path = DoPhotoCell.m; sourceTree = "<group>"; };
		CE276FF619AC69D600416A8C /* DoPhotoCell.xib */ = {isa = PBXFileReference; fileEncoding = 4; lastKnownFileType = file.xib; path = DoPhotoCell.xib; sourceTree = "<group>"; };
		CE276FF819AC69D600416A8C /* check.png */ = {isa = PBXFileReference; lastKnownFileType = image.png; path = check.png; sourceTree = "<group>"; };
		CE276FF919AC69D600416A8C /* check@2x.png */ = {isa = PBXFileReference; lastKnownFileType = image.png; path = "check@2x.png"; sourceTree = "<group>"; };
		CE276FFA19AC69D600416A8C /* close.png */ = {isa = PBXFileReference; lastKnownFileType = image.png; path = close.png; sourceTree = "<group>"; };
		CE276FFB19AC69D600416A8C /* close@2x.png */ = {isa = PBXFileReference; lastKnownFileType = image.png; path = "close@2x.png"; sourceTree = "<group>"; };
		CE276FFC19AC69D600416A8C /* down.png */ = {isa = PBXFileReference; lastKnownFileType = image.png; path = down.png; sourceTree = "<group>"; };
		CE276FFD19AC69D600416A8C /* down@2x.png */ = {isa = PBXFileReference; lastKnownFileType = image.png; path = "down@2x.png"; sourceTree = "<group>"; };
		CE276FFE19AC69D600416A8C /* line@2x.png */ = {isa = PBXFileReference; lastKnownFileType = image.png; path = "line@2x.png"; sourceTree = "<group>"; };
		CE276FFF19AC69D600416A8C /* show.png */ = {isa = PBXFileReference; lastKnownFileType = image.png; path = show.png; sourceTree = "<group>"; };
		CE27700019AC69D600416A8C /* show@2x.png */ = {isa = PBXFileReference; lastKnownFileType = image.png; path = "show@2x.png"; sourceTree = "<group>"; };
		CE27700119AC69D600416A8C /* up.png */ = {isa = PBXFileReference; lastKnownFileType = image.png; path = up.png; sourceTree = "<group>"; };
		CE27700219AC69D600416A8C /* up@2x.png */ = {isa = PBXFileReference; lastKnownFileType = image.png; path = "up@2x.png"; sourceTree = "<group>"; };
		CE27700619AC69D600416A8C /* AttributeConfig.h */ = {isa = PBXFileReference; fileEncoding = 4; lastKnownFileType = sourcecode.c.h; path = AttributeConfig.h; sourceTree = "<group>"; };
		CE27700719AC69D600416A8C /* AttributeConfig.m */ = {isa = PBXFileReference; fileEncoding = 4; lastKnownFileType = sourcecode.c.objc; path = AttributeConfig.m; sourceTree = "<group>"; };
		CE27700819AC69D600416A8C /* CAParagraphLayer.h */ = {isa = PBXFileReference; fileEncoding = 4; lastKnownFileType = sourcecode.c.h; path = CAParagraphLayer.h; sourceTree = "<group>"; };
		CE27700919AC69D600416A8C /* CAParagraphLayer.m */ = {isa = PBXFileReference; fileEncoding = 4; lastKnownFileType = sourcecode.c.objc; path = CAParagraphLayer.m; sourceTree = "<group>"; };
		CE27700A19AC69D600416A8C /* ContentViewTiledLayer.h */ = {isa = PBXFileReference; fileEncoding = 4; lastKnownFileType = sourcecode.c.h; path = ContentViewTiledLayer.h; sourceTree = "<group>"; };
		CE27700B19AC69D600416A8C /* ContentViewTiledLayer.m */ = {isa = PBXFileReference; fileEncoding = 4; lastKnownFileType = sourcecode.c.objc; path = ContentViewTiledLayer.m; sourceTree = "<group>"; };
		CE27700C19AC69D600416A8C /* FastTextStorage.h */ = {isa = PBXFileReference; fileEncoding = 4; lastKnownFileType = sourcecode.c.h; path = FastTextStorage.h; sourceTree = "<group>"; };
		CE27700D19AC69D600416A8C /* FastTextStorage.m */ = {isa = PBXFileReference; fileEncoding = 4; lastKnownFileType = sourcecode.c.objc; path = FastTextStorage.m; sourceTree = "<group>"; };
		CE27700E19AC69D600416A8C /* FastTextView.h */ = {isa = PBXFileReference; fileEncoding = 4; lastKnownFileType = sourcecode.c.h; path = FastTextView.h; sourceTree = "<group>"; };
		CE27700F19AC69D600416A8C /* FastTextView.m */ = {isa = PBXFileReference; fileEncoding = 4; lastKnownFileType = sourcecode.c.objc; path = FastTextView.m; sourceTree = "<group>"; };
		CE27701019AC69D600416A8C /* FileWrapperObject.h */ = {isa = PBXFileReference; fileEncoding = 4; lastKnownFileType = sourcecode.c.h; path = FileWrapperObject.h; sourceTree = "<group>"; };
		CE27701119AC69D600416A8C /* FileWrapperObject.m */ = {isa = PBXFileReference; fileEncoding = 4; lastKnownFileType = sourcecode.c.objc; path = FileWrapperObject.m; sourceTree = "<group>"; };
		CE27701219AC69D600416A8C /* NSAttributedString+TextUtil.h */ = {isa = PBXFileReference; fileEncoding = 4; lastKnownFileType = sourcecode.c.h; path = "NSAttributedString+TextUtil.h"; sourceTree = "<group>"; };
		CE27701319AC69D600416A8C /* NSAttributedString+TextUtil.m */ = {isa = PBXFileReference; fileEncoding = 4; lastKnownFileType = sourcecode.c.objc; path = "NSAttributedString+TextUtil.m"; sourceTree = "<group>"; };
		CE27701419AC69D600416A8C /* NSMutableAttributedString+TextUtil.h */ = {isa = PBXFileReference; fileEncoding = 4; lastKnownFileType = sourcecode.c.h; path = "NSMutableAttributedString+TextUtil.h"; sourceTree = "<group>"; };
		CE27701519AC69D600416A8C /* NSMutableAttributedString+TextUtil.m */ = {isa = PBXFileReference; fileEncoding = 4; lastKnownFileType = sourcecode.c.objc; path = "NSMutableAttributedString+TextUtil.m"; sourceTree = "<group>"; };
		CE27701619AC69D600416A8C /* TextAttchment.h */ = {isa = PBXFileReference; fileEncoding = 4; lastKnownFileType = sourcecode.c.h; path = TextAttchment.h; sourceTree = "<group>"; };
		CE27701719AC69D600416A8C /* TextAttchment.m */ = {isa = PBXFileReference; fileEncoding = 4; lastKnownFileType = sourcecode.c.objc; path = TextAttchment.m; sourceTree = "<group>"; };
		CE27701819AC69D600416A8C /* TextParagraph.h */ = {isa = PBXFileReference; fileEncoding = 4; lastKnownFileType = sourcecode.c.h; path = TextParagraph.h; sourceTree = "<group>"; };
		CE27701919AC69D600416A8C /* TextParagraph.m */ = {isa = PBXFileReference; fileEncoding = 4; lastKnownFileType = sourcecode.c.objc; path = TextParagraph.m; sourceTree = "<group>"; };
		CE27701A19AC69D600416A8C /* UIFont+TextUtil.h */ = {isa = PBXFileReference; fileEncoding = 4; lastKnownFileType = sourcecode.c.h; path = "UIFont+TextUtil.h"; sourceTree = "<group>"; };
		CE27701B19AC69D600416A8C /* UIFont+TextUtil.m */ = {isa = PBXFileReference; fileEncoding = 4; lastKnownFileType = sourcecode.c.objc; path = "UIFont+TextUtil.m"; sourceTree = "<group>"; };
		CE27701D19AC69D600416A8C /* KGStatusBar.h */ = {isa = PBXFileReference; fileEncoding = 4; lastKnownFileType = sourcecode.c.h; path = KGStatusBar.h; sourceTree = "<group>"; };
		CE27701E19AC69D600416A8C /* KGStatusBar.m */ = {isa = PBXFileReference; fileEncoding = 4; lastKnownFileType = sourcecode.c.objc; path = KGStatusBar.m; sourceTree = "<group>"; };
		CE27702019AC69D600416A8C /* bitstream.c */ = {isa = PBXFileReference; fileEncoding = 4; lastKnownFileType = sourcecode.c.c; path = bitstream.c; sourceTree = "<group>"; };
		CE27702119AC69D600416A8C /* bitstream.h */ = {isa = PBXFileReference; fileEncoding = 4; lastKnownFileType = sourcecode.c.h; path = bitstream.h; sourceTree = "<group>"; };
		CE27702219AC69D600416A8C /* mask.c */ = {isa = PBXFileReference; fileEncoding = 4; lastKnownFileType = sourcecode.c.c; path = mask.c; sourceTree = "<group>"; };
		CE27702319AC69D600416A8C /* mask.h */ = {isa = PBXFileReference; fileEncoding = 4; lastKnownFileType = sourcecode.c.h; path = mask.h; sourceTree = "<group>"; };
		CE27702419AC69D600416A8C /* QRCodeGenerator.h */ = {isa = PBXFileReference; fileEncoding = 4; lastKnownFileType = sourcecode.c.h; path = QRCodeGenerator.h; sourceTree = "<group>"; };
		CE27702519AC69D600416A8C /* QRCodeGenerator.m */ = {isa = PBXFileReference; fileEncoding = 4; lastKnownFileType = sourcecode.c.objc; path = QRCodeGenerator.m; sourceTree = "<group>"; };
		CE27702619AC69D600416A8C /* qrencode.c */ = {isa = PBXFileReference; fileEncoding = 4; lastKnownFileType = sourcecode.c.c; path = qrencode.c; sourceTree = "<group>"; };
		CE27702719AC69D600416A8C /* qrencode.h */ = {isa = PBXFileReference; fileEncoding = 4; lastKnownFileType = sourcecode.c.h; path = qrencode.h; sourceTree = "<group>"; };
		CE27702819AC69D600416A8C /* qrinput.c */ = {isa = PBXFileReference; fileEncoding = 4; lastKnownFileType = sourcecode.c.c; path = qrinput.c; sourceTree = "<group>"; };
		CE27702919AC69D600416A8C /* qrinput.h */ = {isa = PBXFileReference; fileEncoding = 4; lastKnownFileType = sourcecode.c.h; path = qrinput.h; sourceTree = "<group>"; };
		CE27702A19AC69D600416A8C /* qrspec.c */ = {isa = PBXFileReference; fileEncoding = 4; lastKnownFileType = sourcecode.c.c; path = qrspec.c; sourceTree = "<group>"; };
		CE27702B19AC69D600416A8C /* qrspec.h */ = {isa = PBXFileReference; fileEncoding = 4; lastKnownFileType = sourcecode.c.h; path = qrspec.h; sourceTree = "<group>"; };
		CE27702C19AC69D600416A8C /* rscode.c */ = {isa = PBXFileReference; fileEncoding = 4; lastKnownFileType = sourcecode.c.c; path = rscode.c; sourceTree = "<group>"; };
		CE27702D19AC69D600416A8C /* rscode.h */ = {isa = PBXFileReference; fileEncoding = 4; lastKnownFileType = sourcecode.c.h; path = rscode.h; sourceTree = "<group>"; };
		CE27702E19AC69D600416A8C /* split.c */ = {isa = PBXFileReference; fileEncoding = 4; lastKnownFileType = sourcecode.c.c; path = split.c; sourceTree = "<group>"; };
		CE27702F19AC69D600416A8C /* split.h */ = {isa = PBXFileReference; fileEncoding = 4; lastKnownFileType = sourcecode.c.h; path = split.h; sourceTree = "<group>"; };
		CE27703119AC69D600416A8C /* LXActionSheet.h */ = {isa = PBXFileReference; fileEncoding = 4; lastKnownFileType = sourcecode.c.h; path = LXActionSheet.h; sourceTree = "<group>"; };
		CE27703219AC69D600416A8C /* LXActionSheet.m */ = {isa = PBXFileReference; fileEncoding = 4; lastKnownFileType = sourcecode.c.objc; path = LXActionSheet.m; sourceTree = "<group>"; };
		CE27703719AC69D600416A8C /* pinyin.c */ = {isa = PBXFileReference; fileEncoding = 4; lastKnownFileType = sourcecode.c.c; path = pinyin.c; sourceTree = "<group>"; };
		CE27703819AC69D600416A8C /* pinyin.h */ = {isa = PBXFileReference; fileEncoding = 4; lastKnownFileType = sourcecode.c.h; path = pinyin.h; sourceTree = "<group>"; };
		CE27704519AC69D600416A8C /* NSMutableAttributedString+Helper.h */ = {isa = PBXFileReference; fileEncoding = 4; lastKnownFileType = sourcecode.c.h; path = "NSMutableAttributedString+Helper.h"; sourceTree = "<group>"; };
		CE27704619AC69D600416A8C /* NSMutableAttributedString+Helper.m */ = {isa = PBXFileReference; fileEncoding = 4; lastKnownFileType = sourcecode.c.objc; path = "NSMutableAttributedString+Helper.m"; sourceTree = "<group>"; };
		CE27704719AC69D600416A8C /* SECompatibility.h */ = {isa = PBXFileReference; fileEncoding = 4; lastKnownFileType = sourcecode.c.h; path = SECompatibility.h; sourceTree = "<group>"; };
		CE27704819AC69D600416A8C /* SECompatibility.m */ = {isa = PBXFileReference; fileEncoding = 4; lastKnownFileType = sourcecode.c.objc; path = SECompatibility.m; sourceTree = "<group>"; };
		CE27704919AC69D600416A8C /* SEConstants.h */ = {isa = PBXFileReference; fileEncoding = 4; lastKnownFileType = sourcecode.c.h; path = SEConstants.h; sourceTree = "<group>"; };
		CE27704A19AC69D600416A8C /* SEConstants.m */ = {isa = PBXFileReference; fileEncoding = 4; lastKnownFileType = sourcecode.c.objc; path = SEConstants.m; sourceTree = "<group>"; };
		CE27704B19AC69D600416A8C /* SECoreTextView.bundle */ = {isa = PBXFileReference; lastKnownFileType = "wrapper.plug-in"; path = SECoreTextView.bundle; sourceTree = "<group>"; };
		CE27704C19AC69D600416A8C /* SELineLayout.h */ = {isa = PBXFileReference; fileEncoding = 4; lastKnownFileType = sourcecode.c.h; path = SELineLayout.h; sourceTree = "<group>"; };
		CE27704D19AC69D600416A8C /* SELineLayout.m */ = {isa = PBXFileReference; fileEncoding = 4; lastKnownFileType = sourcecode.c.objc; path = SELineLayout.m; sourceTree = "<group>"; };
		CE27704E19AC69D600416A8C /* SELinkText.h */ = {isa = PBXFileReference; fileEncoding = 4; lastKnownFileType = sourcecode.c.h; path = SELinkText.h; sourceTree = "<group>"; };
		CE27704F19AC69D600416A8C /* SELinkText.m */ = {isa = PBXFileReference; fileEncoding = 4; lastKnownFileType = sourcecode.c.objc; path = SELinkText.m; sourceTree = "<group>"; };
		CE27705019AC69D600416A8C /* SESelectionGrabber.h */ = {isa = PBXFileReference; fileEncoding = 4; lastKnownFileType = sourcecode.c.h; path = SESelectionGrabber.h; sourceTree = "<group>"; };
		CE27705119AC69D600416A8C /* SESelectionGrabber.m */ = {isa = PBXFileReference; fileEncoding = 4; lastKnownFileType = sourcecode.c.objc; path = SESelectionGrabber.m; sourceTree = "<group>"; };
		CE27705219AC69D600416A8C /* SETextAttachment.h */ = {isa = PBXFileReference; fileEncoding = 4; lastKnownFileType = sourcecode.c.h; path = SETextAttachment.h; sourceTree = "<group>"; };
		CE27705319AC69D600416A8C /* SETextAttachment.m */ = {isa = PBXFileReference; fileEncoding = 4; lastKnownFileType = sourcecode.c.objc; path = SETextAttachment.m; sourceTree = "<group>"; };
		CE27705419AC69D600416A8C /* SETextEditingCaret.h */ = {isa = PBXFileReference; fileEncoding = 4; lastKnownFileType = sourcecode.c.h; path = SETextEditingCaret.h; sourceTree = "<group>"; };
		CE27705519AC69D600416A8C /* SETextEditingCaret.m */ = {isa = PBXFileReference; fileEncoding = 4; lastKnownFileType = sourcecode.c.objc; path = SETextEditingCaret.m; sourceTree = "<group>"; };
		CE27705619AC69D600416A8C /* SETextGeometry.h */ = {isa = PBXFileReference; fileEncoding = 4; lastKnownFileType = sourcecode.c.h; path = SETextGeometry.h; sourceTree = "<group>"; };
		CE27705719AC69D600416A8C /* SETextGeometry.m */ = {isa = PBXFileReference; fileEncoding = 4; lastKnownFileType = sourcecode.c.objc; path = SETextGeometry.m; sourceTree = "<group>"; };
		CE27705819AC69D600416A8C /* SETextInput.h */ = {isa = PBXFileReference; fileEncoding = 4; lastKnownFileType = sourcecode.c.h; path = SETextInput.h; sourceTree = "<group>"; };
		CE27705919AC69D600416A8C /* SETextInput.m */ = {isa = PBXFileReference; fileEncoding = 4; lastKnownFileType = sourcecode.c.objc; path = SETextInput.m; sourceTree = "<group>"; };
		CE27705A19AC69D600416A8C /* SETextLayout.h */ = {isa = PBXFileReference; fileEncoding = 4; lastKnownFileType = sourcecode.c.h; path = SETextLayout.h; sourceTree = "<group>"; };
		CE27705B19AC69D600416A8C /* SETextLayout.m */ = {isa = PBXFileReference; fileEncoding = 4; lastKnownFileType = sourcecode.c.objc; path = SETextLayout.m; sourceTree = "<group>"; };
		CE27705C19AC69D600416A8C /* SETextMagnifierCaret.h */ = {isa = PBXFileReference; fileEncoding = 4; lastKnownFileType = sourcecode.c.h; path = SETextMagnifierCaret.h; sourceTree = "<group>"; };
		CE27705D19AC69D600416A8C /* SETextMagnifierCaret.m */ = {isa = PBXFileReference; fileEncoding = 4; lastKnownFileType = sourcecode.c.objc; path = SETextMagnifierCaret.m; sourceTree = "<group>"; };
		CE27705E19AC69D600416A8C /* SETextMagnifierRanged.h */ = {isa = PBXFileReference; fileEncoding = 4; lastKnownFileType = sourcecode.c.h; path = SETextMagnifierRanged.h; sourceTree = "<group>"; };
		CE27705F19AC69D600416A8C /* SETextMagnifierRanged.m */ = {isa = PBXFileReference; fileEncoding = 4; lastKnownFileType = sourcecode.c.objc; path = SETextMagnifierRanged.m; sourceTree = "<group>"; };
		CE27706019AC69D600416A8C /* SETextSelection.h */ = {isa = PBXFileReference; fileEncoding = 4; lastKnownFileType = sourcecode.c.h; path = SETextSelection.h; sourceTree = "<group>"; };
		CE27706119AC69D600416A8C /* SETextSelection.m */ = {isa = PBXFileReference; fileEncoding = 4; lastKnownFileType = sourcecode.c.objc; path = SETextSelection.m; sourceTree = "<group>"; };
		CE27706219AC69D600416A8C /* SETextSelectionView.h */ = {isa = PBXFileReference; fileEncoding = 4; lastKnownFileType = sourcecode.c.h; path = SETextSelectionView.h; sourceTree = "<group>"; };
		CE27706319AC69D600416A8C /* SETextSelectionView.m */ = {isa = PBXFileReference; fileEncoding = 4; lastKnownFileType = sourcecode.c.objc; path = SETextSelectionView.m; sourceTree = "<group>"; };
		CE27706419AC69D600416A8C /* SETextView.h */ = {isa = PBXFileReference; fileEncoding = 4; lastKnownFileType = sourcecode.c.h; path = SETextView.h; sourceTree = "<group>"; };
		CE27706519AC69D600416A8C /* SETextView.m */ = {isa = PBXFileReference; fileEncoding = 4; lastKnownFileType = sourcecode.c.objc; path = SETextView.m; sourceTree = "<group>"; };
		CE27706619AC69D600416A8C /* SEPhotoView.h */ = {isa = PBXFileReference; fileEncoding = 4; lastKnownFileType = sourcecode.c.h; path = SEPhotoView.h; sourceTree = "<group>"; };
		CE27706719AC69D600416A8C /* SEPhotoView.m */ = {isa = PBXFileReference; fileEncoding = 4; lastKnownFileType = sourcecode.c.objc; path = SEPhotoView.m; sourceTree = "<group>"; };
		CE27706A19AC69D600416A8C /* bg_023@2x.png */ = {isa = PBXFileReference; lastKnownFileType = image.png; path = "bg_023@2x.png"; sourceTree = "<group>"; };
		CE27706B19AC69D600416A8C /* btn_020.disable@2x.png */ = {isa = PBXFileReference; lastKnownFileType = image.png; path = "btn_020.disable@2x.png"; sourceTree = "<group>"; };
		CE27706C19AC69D600416A8C /* btn_020.press@2x.png */ = {isa = PBXFileReference; lastKnownFileType = image.png; path = "btn_020.press@2x.png"; sourceTree = "<group>"; };
		CE27706D19AC69D600416A8C /* btn_020@2x.png */ = {isa = PBXFileReference; lastKnownFileType = image.png; path = "btn_020@2x.png"; sourceTree = "<group>"; };
		CE27706E19AC69D600416A8C /* btn_021.disable@2x.png */ = {isa = PBXFileReference; lastKnownFileType = image.png; path = "btn_021.disable@2x.png"; sourceTree = "<group>"; };
		CE27706F19AC69D600416A8C /* btn_021.press@2x.png */ = {isa = PBXFileReference; lastKnownFileType = image.png; path = "btn_021.press@2x.png"; sourceTree = "<group>"; };
		CE27707019AC69D600416A8C /* btn_021@2x.png */ = {isa = PBXFileReference; lastKnownFileType = image.png; path = "btn_021@2x.png"; sourceTree = "<group>"; };
		CE27707119AC69D600416A8C /* ProvincesAndCities.plist */ = {isa = PBXFileReference; fileEncoding = 4; lastKnownFileType = text.plist.xml; path = ProvincesAndCities.plist; sourceTree = "<group>"; };
		CE27707219AC69D600416A8C /* TSLocateView.h */ = {isa = PBXFileReference; fileEncoding = 4; lastKnownFileType = sourcecode.c.h; path = TSLocateView.h; sourceTree = "<group>"; };
		CE27707319AC69D600416A8C /* TSLocateView.m */ = {isa = PBXFileReference; fileEncoding = 4; lastKnownFileType = sourcecode.c.objc; path = TSLocateView.m; sourceTree = "<group>"; };
		CE27707419AC69D600416A8C /* TSLocation.h */ = {isa = PBXFileReference; fileEncoding = 4; lastKnownFileType = sourcecode.c.h; path = TSLocation.h; sourceTree = "<group>"; };
		CE27707519AC69D600416A8C /* TSLocation.m */ = {isa = PBXFileReference; fileEncoding = 4; lastKnownFileType = sourcecode.c.objc; path = TSLocation.m; sourceTree = "<group>"; };
		CE27707719AC69D600416A8C /* ZYQAssetPicker.Bundle */ = {isa = PBXFileReference; lastKnownFileType = "wrapper.plug-in"; path = ZYQAssetPicker.Bundle; sourceTree = "<group>"; };
		CE27707819AC69D600416A8C /* ZYQAssetPickerController.h */ = {isa = PBXFileReference; fileEncoding = 4; lastKnownFileType = sourcecode.c.h; path = ZYQAssetPickerController.h; sourceTree = "<group>"; };
		CE27707919AC69D600416A8C /* ZYQAssetPickerController.m */ = {isa = PBXFileReference; fileEncoding = 4; lastKnownFileType = sourcecode.c.objc; path = ZYQAssetPickerController.m; sourceTree = "<group>"; };
		CE2770D219AC6BF700416A8C /* FaceBoard.h */ = {isa = PBXFileReference; fileEncoding = 4; lastKnownFileType = sourcecode.c.h; path = FaceBoard.h; sourceTree = "<group>"; };
		CE2770D319AC6BF700416A8C /* FaceBoard.m */ = {isa = PBXFileReference; fileEncoding = 4; lastKnownFileType = sourcecode.c.objc; path = FaceBoard.m; sourceTree = "<group>"; };
		CE2770D419AC6BF700416A8C /* FaceButton.h */ = {isa = PBXFileReference; fileEncoding = 4; lastKnownFileType = sourcecode.c.h; path = FaceButton.h; sourceTree = "<group>"; };
		CE2770D519AC6BF700416A8C /* FaceButton.m */ = {isa = PBXFileReference; fileEncoding = 4; lastKnownFileType = sourcecode.c.objc; path = FaceButton.m; sourceTree = "<group>"; };
		CE2770D619AC6BF700416A8C /* GrayPageControl.h */ = {isa = PBXFileReference; fileEncoding = 4; lastKnownFileType = sourcecode.c.h; path = GrayPageControl.h; sourceTree = "<group>"; };
		CE2770D719AC6BF700416A8C /* GrayPageControl.m */ = {isa = PBXFileReference; fileEncoding = 4; lastKnownFileType = sourcecode.c.objc; path = GrayPageControl.m; sourceTree = "<group>"; };
		CE2770DA19AC6BF700416A8C /* chat_bg_frd.png */ = {isa = PBXFileReference; lastKnownFileType = image.png; path = chat_bg_frd.png; sourceTree = "<group>"; };
		CE2770DB19AC6BF700416A8C /* chat_bg_frd@2x.png */ = {isa = PBXFileReference; lastKnownFileType = image.png; path = "chat_bg_frd@2x.png"; sourceTree = "<group>"; };
		CE2770DC19AC6BF700416A8C /* chat_bg_own.png */ = {isa = PBXFileReference; lastKnownFileType = image.png; path = chat_bg_own.png; sourceTree = "<group>"; };
		CE2770DD19AC6BF700416A8C /* chat_bg_own@2x.png */ = {isa = PBXFileReference; lastKnownFileType = image.png; path = "chat_bg_own@2x.png"; sourceTree = "<group>"; };
		CE2770DF19AC6BF700416A8C /* _expression_cn.plist */ = {isa = PBXFileReference; fileEncoding = 4; lastKnownFileType = text.plist.xml; path = _expression_cn.plist; sourceTree = "<group>"; };
		CE2770E019AC6BF700416A8C /* _expression_en.plist */ = {isa = PBXFileReference; fileEncoding = 4; lastKnownFileType = text.plist.xml; path = _expression_en.plist; sourceTree = "<group>"; };
		CE2770E119AC6BF700416A8C /* biggrin.png */ = {isa = PBXFileReference; lastKnownFileType = image.png; path = biggrin.png; sourceTree = "<group>"; };
		CE2770E219AC6BF700416A8C /* biggrin@2x.png */ = {isa = PBXFileReference; lastKnownFileType = image.png; path = "biggrin@2x.png"; sourceTree = "<group>"; };
		CE2770E319AC6BF700416A8C /* call.png */ = {isa = PBXFileReference; lastKnownFileType = image.png; path = call.png; sourceTree = "<group>"; };
		CE2770E419AC6BF700416A8C /* call@2x.png */ = {isa = PBXFileReference; lastKnownFileType = image.png; path = "call@2x.png"; sourceTree = "<group>"; };
		CE2770E519AC6BF700416A8C /* cry.png */ = {isa = PBXFileReference; lastKnownFileType = image.png; path = cry.png; sourceTree = "<group>"; };
		CE2770E619AC6BF700416A8C /* cry@2x.png */ = {isa = PBXFileReference; lastKnownFileType = image.png; path = "cry@2x.png"; sourceTree = "<group>"; };
		CE2770E719AC6BF700416A8C /* curse.png */ = {isa = PBXFileReference; lastKnownFileType = image.png; path = curse.png; sourceTree = "<group>"; };
		CE2770E819AC6BF700416A8C /* curse@2x.png */ = {isa = PBXFileReference; lastKnownFileType = image.png; path = "curse@2x.png"; sourceTree = "<group>"; };
		CE2770E919AC6BF700416A8C /* dizzy.png */ = {isa = PBXFileReference; lastKnownFileType = image.png; path = dizzy.png; sourceTree = "<group>"; };
		CE2770EA19AC6BF700416A8C /* dizzy@2x.png */ = {isa = PBXFileReference; lastKnownFileType = image.png; path = "dizzy@2x.png"; sourceTree = "<group>"; };
		CE2770EB19AC6BF700416A8C /* funk.png */ = {isa = PBXFileReference; lastKnownFileType = image.png; path = funk.png; sourceTree = "<group>"; };
		CE2770EC19AC6BF700416A8C /* funk@2x.png */ = {isa = PBXFileReference; lastKnownFileType = image.png; path = "funk@2x.png"; sourceTree = "<group>"; };
		CE2770ED19AC6BF700416A8C /* handshake.png */ = {isa = PBXFileReference; lastKnownFileType = image.png; path = handshake.png; sourceTree = "<group>"; };
		CE2770EE19AC6BF700416A8C /* handshake@2x.png */ = {isa = PBXFileReference; lastKnownFileType = image.png; path = "handshake@2x.png"; sourceTree = "<group>"; };
		CE2770EF19AC6BF700416A8C /* huffy.png */ = {isa = PBXFileReference; lastKnownFileType = image.png; path = huffy.png; sourceTree = "<group>"; };
		CE2770F019AC6BF700416A8C /* huffy@2x.png */ = {isa = PBXFileReference; lastKnownFileType = image.png; path = "huffy@2x.png"; sourceTree = "<group>"; };
		CE2770F119AC6BF700416A8C /* hug.png */ = {isa = PBXFileReference; lastKnownFileType = image.png; path = hug.png; sourceTree = "<group>"; };
		CE2770F219AC6BF700416A8C /* hug@2x.png */ = {isa = PBXFileReference; lastKnownFileType = image.png; path = "hug@2x.png"; sourceTree = "<group>"; };
		CE2770F319AC6BF700416A8C /* kiss.png */ = {isa = PBXFileReference; lastKnownFileType = image.png; path = kiss.png; sourceTree = "<group>"; };
		CE2770F419AC6BF700416A8C /* kiss@2x.png */ = {isa = PBXFileReference; lastKnownFileType = image.png; path = "kiss@2x.png"; sourceTree = "<group>"; };
		CE2770F519AC6BF700416A8C /* lol.png */ = {isa = PBXFileReference; lastKnownFileType = image.png; path = lol.png; sourceTree = "<group>"; };
		CE2770F619AC6BF700416A8C /* lol@2x.png */ = {isa = PBXFileReference; lastKnownFileType = image.png; path = "lol@2x.png"; sourceTree = "<group>"; };
		CE2770F719AC6BF700416A8C /* loveliness.png */ = {isa = PBXFileReference; lastKnownFileType = image.png; path = loveliness.png; sourceTree = "<group>"; };
		CE2770F819AC6BF700416A8C /* loveliness@2x.png */ = {isa = PBXFileReference; lastKnownFileType = image.png; path = "loveliness@2x.png"; sourceTree = "<group>"; };
		CE2770F919AC6BF700416A8C /* mad.png */ = {isa = PBXFileReference; lastKnownFileType = image.png; path = mad.png; sourceTree = "<group>"; };
		CE2770FA19AC6BF700416A8C /* mad@2x.png */ = {isa = PBXFileReference; lastKnownFileType = image.png; path = "mad@2x.png"; sourceTree = "<group>"; };
		CE2770FB19AC6BF700416A8C /* sad.png */ = {isa = PBXFileReference; lastKnownFileType = image.png; path = sad.png; sourceTree = "<group>"; };
		CE2770FC19AC6BF700416A8C /* sad@2x.png */ = {isa = PBXFileReference; lastKnownFileType = image.png; path = "sad@2x.png"; sourceTree = "<group>"; };
		CE2770FD19AC6BF700416A8C /* shocked.png */ = {isa = PBXFileReference; lastKnownFileType = image.png; path = shocked.png; sourceTree = "<group>"; };
		CE2770FE19AC6BF700416A8C /* shocked@2x.png */ = {isa = PBXFileReference; lastKnownFileType = image.png; path = "shocked@2x.png"; sourceTree = "<group>"; };
		CE2770FF19AC6BF700416A8C /* shutup.png */ = {isa = PBXFileReference; lastKnownFileType = image.png; path = shutup.png; sourceTree = "<group>"; };
		CE27710019AC6BF700416A8C /* shutup@2x.png */ = {isa = PBXFileReference; lastKnownFileType = image.png; path = "shutup@2x.png"; sourceTree = "<group>"; };
		CE27710119AC6BF700416A8C /* shy.png */ = {isa = PBXFileReference; lastKnownFileType = image.png; path = shy.png; sourceTree = "<group>"; };
		CE27710219AC6BF700416A8C /* shy@2x.png */ = {isa = PBXFileReference; lastKnownFileType = image.png; path = "shy@2x.png"; sourceTree = "<group>"; };
		CE27710319AC6BF700416A8C /* sleepy.png */ = {isa = PBXFileReference; lastKnownFileType = image.png; path = sleepy.png; sourceTree = "<group>"; };
		CE27710419AC6BF700416A8C /* sleepy@2x.png */ = {isa = PBXFileReference; lastKnownFileType = image.png; path = "sleepy@2x.png"; sourceTree = "<group>"; };
		CE27710519AC6BF700416A8C /* smile.png */ = {isa = PBXFileReference; lastKnownFileType = image.png; path = smile.png; sourceTree = "<group>"; };
		CE27710619AC6BF700416A8C /* smile@2x.png */ = {isa = PBXFileReference; lastKnownFileType = image.png; path = "smile@2x.png"; sourceTree = "<group>"; };
		CE27710719AC6BF700416A8C /* sweat.png */ = {isa = PBXFileReference; lastKnownFileType = image.png; path = sweat.png; sourceTree = "<group>"; };
		CE27710819AC6BF700416A8C /* sweat@2x.png */ = {isa = PBXFileReference; lastKnownFileType = image.png; path = "sweat@2x.png"; sourceTree = "<group>"; };
		CE27710919AC6BF700416A8C /* time@2x.png */ = {isa = PBXFileReference; lastKnownFileType = image.png; path = "time@2x.png"; sourceTree = "<group>"; };
		CE27710A19AC6BF700416A8C /* titter.png */ = {isa = PBXFileReference; lastKnownFileType = image.png; path = titter.png; sourceTree = "<group>"; };
		CE27710B19AC6BF700416A8C /* titter@2x.png */ = {isa = PBXFileReference; lastKnownFileType = image.png; path = "titter@2x.png"; sourceTree = "<group>"; };
		CE27710C19AC6BF700416A8C /* tongue.png */ = {isa = PBXFileReference; lastKnownFileType = image.png; path = tongue.png; sourceTree = "<group>"; };
		CE27710D19AC6BF700416A8C /* tongue@2x.png */ = {isa = PBXFileReference; lastKnownFileType = image.png; path = "tongue@2x.png"; sourceTree = "<group>"; };
		CE27710E19AC6BF700416A8C /* victory.png */ = {isa = PBXFileReference; lastKnownFileType = image.png; path = victory.png; sourceTree = "<group>"; };
		CE27710F19AC6BF700416A8C /* victory@2x.png */ = {isa = PBXFileReference; lastKnownFileType = image.png; path = "victory@2x.png"; sourceTree = "<group>"; };
		CE27711119AC6BF700416A8C /* active_page_image.png */ = {isa = PBXFileReference; lastKnownFileType = image.png; path = active_page_image.png; sourceTree = "<group>"; };
		CE27711219AC6BF700416A8C /* active_page_image@2x.png */ = {isa = PBXFileReference; lastKnownFileType = image.png; path = "active_page_image@2x.png"; sourceTree = "<group>"; };
		CE27711319AC6BF700416A8C /* board_emoji.png */ = {isa = PBXFileReference; lastKnownFileType = image.png; path = board_emoji.png; sourceTree = "<group>"; };
		CE27711419AC6BF700416A8C /* board_emoji@2x.png */ = {isa = PBXFileReference; lastKnownFileType = image.png; path = "board_emoji@2x.png"; sourceTree = "<group>"; };
		CE27711519AC6BF700416A8C /* board_system.png */ = {isa = PBXFileReference; lastKnownFileType = image.png; path = board_system.png; sourceTree = "<group>"; };
		CE27711619AC6BF700416A8C /* board_system@2x.png */ = {isa = PBXFileReference; lastKnownFileType = image.png; path = "board_system@2x.png"; sourceTree = "<group>"; };
		CE27711719AC6BF700416A8C /* del_emoji_normal.png */ = {isa = PBXFileReference; lastKnownFileType = image.png; path = del_emoji_normal.png; sourceTree = "<group>"; };
		CE27711819AC6BF700416A8C /* del_emoji_normal@2x.png */ = {isa = PBXFileReference; lastKnownFileType = image.png; path = "del_emoji_normal@2x.png"; sourceTree = "<group>"; };
		CE27711919AC6BF700416A8C /* del_emoji_select.png */ = {isa = PBXFileReference; lastKnownFileType = image.png; path = del_emoji_select.png; sourceTree = "<group>"; };
		CE27711A19AC6BF700416A8C /* del_emoji_select@2x.png */ = {isa = PBXFileReference; lastKnownFileType = image.png; path = "del_emoji_select@2x.png"; sourceTree = "<group>"; };
		CE27711B19AC6BF700416A8C /* inactive_page_image.png */ = {isa = PBXFileReference; lastKnownFileType = image.png; path = inactive_page_image.png; sourceTree = "<group>"; };
		CE27711C19AC6BF700416A8C /* inactive_page_image@2x.png */ = {isa = PBXFileReference; lastKnownFileType = image.png; path = "inactive_page_image@2x.png"; sourceTree = "<group>"; };
		CE27711D19AC6BF700416A8C /* image.bundle */ = {isa = PBXFileReference; lastKnownFileType = "wrapper.plug-in"; path = image.bundle; sourceTree = "<group>"; };
		CE27715219AC6BF700416A8C /* RCLabel.h */ = {isa = PBXFileReference; fileEncoding = 4; lastKnownFileType = sourcecode.c.h; path = RCLabel.h; sourceTree = "<group>"; };
		CE27715319AC6BF700416A8C /* RCLabel.m */ = {isa = PBXFileReference; fileEncoding = 4; lastKnownFileType = sourcecode.c.objc; path = RCLabel.m; sourceTree = "<group>"; };
		CE27715419AC6BF700416A8C /* RTLabel.h */ = {isa = PBXFileReference; fileEncoding = 4; lastKnownFileType = sourcecode.c.h; path = RTLabel.h; sourceTree = "<group>"; };
		CE27715519AC6BF700416A8C /* RTLabel.m */ = {isa = PBXFileReference; fileEncoding = 4; lastKnownFileType = sourcecode.c.objc; path = RTLabel.m; sourceTree = "<group>"; };
		CE27715719AC6BF700416A8C /* icon_rightarrow.png */ = {isa = PBXFileReference; lastKnownFileType = image.png; path = icon_rightarrow.png; sourceTree = "<group>"; };
		CE27715819AC6BF700416A8C /* icon_rightarrow@2x.png */ = {isa = PBXFileReference; lastKnownFileType = image.png; path = "icon_rightarrow@2x.png"; sourceTree = "<group>"; };
		CE27715919AC6BF700416A8C /* QCListViewController.h */ = {isa = PBXFileReference; fileEncoding = 4; lastKnownFileType = sourcecode.c.h; path = QCListViewController.h; sourceTree = "<group>"; };
		CE27715A19AC6BF700416A8C /* QCListViewController.m */ = {isa = PBXFileReference; fileEncoding = 4; lastKnownFileType = sourcecode.c.objc; path = QCListViewController.m; sourceTree = "<group>"; };
		CE27715B19AC6BF700416A8C /* QCListViewController.xib */ = {isa = PBXFileReference; fileEncoding = 4; lastKnownFileType = file.xib; path = QCListViewController.xib; sourceTree = "<group>"; };
		CE27715C19AC6BF700416A8C /* QCSlideSwitchView.h */ = {isa = PBXFileReference; fileEncoding = 4; lastKnownFileType = sourcecode.c.h; path = QCSlideSwitchView.h; sourceTree = "<group>"; };
		CE27715D19AC6BF700416A8C /* QCSlideSwitchView.m */ = {isa = PBXFileReference; fileEncoding = 4; lastKnownFileType = sourcecode.c.objc; path = QCSlideSwitchView.m; sourceTree = "<group>"; };
		CE27716119AC6BF700416A8C /* QCViewController.h */ = {isa = PBXFileReference; fileEncoding = 4; lastKnownFileType = sourcecode.c.h; path = QCViewController.h; sourceTree = "<group>"; };
		CE27716219AC6BF700416A8C /* QCViewController.m */ = {isa = PBXFileReference; fileEncoding = 4; lastKnownFileType = sourcecode.c.objc; path = QCViewController.m; sourceTree = "<group>"; };
		CE27716319AC6BF700416A8C /* red_line_and_shadow.png */ = {isa = PBXFileReference; lastKnownFileType = image.png; path = red_line_and_shadow.png; sourceTree = "<group>"; };
		CE27716419AC6BF700416A8C /* red_line_and_shadow@2x.png */ = {isa = PBXFileReference; lastKnownFileType = image.png; path = "red_line_and_shadow@2x.png"; sourceTree = "<group>"; };
		CE27716519AC6BF700416A8C /* SVGloble.h */ = {isa = PBXFileReference; fileEncoding = 4; lastKnownFileType = sourcecode.c.h; path = SVGloble.h; sourceTree = "<group>"; };
		CE27716619AC6BF700416A8C /* SVGloble.m */ = {isa = PBXFileReference; fileEncoding = 4; lastKnownFileType = sourcecode.c.objc; path = SVGloble.m; sourceTree = "<group>"; };
		CE27716719AC6BF700416A8C /* SVRootScrollView.h */ = {isa = PBXFileReference; fileEncoding = 4; lastKnownFileType = sourcecode.c.h; path = SVRootScrollView.h; sourceTree = "<group>"; };
		CE27716819AC6BF700416A8C /* SVRootScrollView.m */ = {isa = PBXFileReference; fileEncoding = 4; lastKnownFileType = sourcecode.c.objc; path = SVRootScrollView.m; sourceTree = "<group>"; };
		CE27716919AC6BF700416A8C /* SVTopScrollView.h */ = {isa = PBXFileReference; fileEncoding = 4; lastKnownFileType = sourcecode.c.h; path = SVTopScrollView.h; sourceTree = "<group>"; };
		CE27716A19AC6BF700416A8C /* SVTopScrollView.m */ = {isa = PBXFileReference; fileEncoding = 4; lastKnownFileType = sourcecode.c.objc; path = SVTopScrollView.m; sourceTree = "<group>"; };
		CE27716B19AC6BF700416A8C /* UIButton+RedPoint.h */ = {isa = PBXFileReference; fileEncoding = 4; lastKnownFileType = sourcecode.c.h; path = "UIButton+RedPoint.h"; sourceTree = "<group>"; };
		CE27716C19AC6BF700416A8C /* UIButton+RedPoint.m */ = {isa = PBXFileReference; fileEncoding = 4; lastKnownFileType = sourcecode.c.objc; path = "UIButton+RedPoint.m"; sourceTree = "<group>"; };
		CE27718819AC6F3000416A8C /* MJRefresh.bundle */ = {isa = PBXFileReference; lastKnownFileType = "wrapper.plug-in"; path = MJRefresh.bundle; sourceTree = "<group>"; };
		CE27718919AC6F3000416A8C /* MJRefresh.h */ = {isa = PBXFileReference; fileEncoding = 4; lastKnownFileType = sourcecode.c.h; path = MJRefresh.h; sourceTree = "<group>"; };
		CE27718A19AC6F3000416A8C /* MJRefreshBaseView.h */ = {isa = PBXFileReference; fileEncoding = 4; lastKnownFileType = sourcecode.c.h; path = MJRefreshBaseView.h; sourceTree = "<group>"; };
		CE27718B19AC6F3000416A8C /* MJRefreshBaseView.m */ = {isa = PBXFileReference; fileEncoding = 4; lastKnownFileType = sourcecode.c.objc; path = MJRefreshBaseView.m; sourceTree = "<group>"; };
		CE27718C19AC6F3000416A8C /* MJRefreshConst.h */ = {isa = PBXFileReference; fileEncoding = 4; lastKnownFileType = sourcecode.c.h; path = MJRefreshConst.h; sourceTree = "<group>"; };
		CE27718D19AC6F3000416A8C /* MJRefreshConst.m */ = {isa = PBXFileReference; fileEncoding = 4; lastKnownFileType = sourcecode.c.objc; path = MJRefreshConst.m; sourceTree = "<group>"; };
		CE27718E19AC6F3000416A8C /* MJRefreshFooterView.h */ = {isa = PBXFileReference; fileEncoding = 4; lastKnownFileType = sourcecode.c.h; path = MJRefreshFooterView.h; sourceTree = "<group>"; };
		CE27718F19AC6F3000416A8C /* MJRefreshFooterView.m */ = {isa = PBXFileReference; fileEncoding = 4; lastKnownFileType = sourcecode.c.objc; path = MJRefreshFooterView.m; sourceTree = "<group>"; };
		CE27719019AC6F3000416A8C /* MJRefreshHeaderView.h */ = {isa = PBXFileReference; fileEncoding = 4; lastKnownFileType = sourcecode.c.h; path = MJRefreshHeaderView.h; sourceTree = "<group>"; };
		CE27719119AC6F3000416A8C /* MJRefreshHeaderView.m */ = {isa = PBXFileReference; fileEncoding = 4; lastKnownFileType = sourcecode.c.objc; path = MJRefreshHeaderView.m; sourceTree = "<group>"; };
		CE27719219AC6F3000416A8C /* UIScrollView+Extension.h */ = {isa = PBXFileReference; fileEncoding = 4; lastKnownFileType = sourcecode.c.h; path = "UIScrollView+Extension.h"; sourceTree = "<group>"; };
		CE27719319AC6F3000416A8C /* UIScrollView+Extension.m */ = {isa = PBXFileReference; fileEncoding = 4; lastKnownFileType = sourcecode.c.objc; path = "UIScrollView+Extension.m"; sourceTree = "<group>"; };
		CE27719419AC6F3000416A8C /* UIScrollView+MJRefresh.h */ = {isa = PBXFileReference; fileEncoding = 4; lastKnownFileType = sourcecode.c.h; path = "UIScrollView+MJRefresh.h"; sourceTree = "<group>"; };
		CE27719519AC6F3000416A8C /* UIScrollView+MJRefresh.m */ = {isa = PBXFileReference; fileEncoding = 4; lastKnownFileType = sourcecode.c.objc; path = "UIScrollView+MJRefresh.m"; sourceTree = "<group>"; };
		CE27719619AC6F3000416A8C /* UIView+Extension.h */ = {isa = PBXFileReference; fileEncoding = 4; lastKnownFileType = sourcecode.c.h; path = "UIView+Extension.h"; sourceTree = "<group>"; };
		CE27719719AC6F3000416A8C /* UIView+Extension.m */ = {isa = PBXFileReference; fileEncoding = 4; lastKnownFileType = sourcecode.c.objc; path = "UIView+Extension.m"; sourceTree = "<group>"; };
		CE2771A019AC70C700416A8C /* MyRect.h */ = {isa = PBXFileReference; fileEncoding = 4; lastKnownFileType = sourcecode.c.h; path = MyRect.h; sourceTree = "<group>"; };
		CE2771A119AC70C700416A8C /* MyRect.m */ = {isa = PBXFileReference; fileEncoding = 4; lastKnownFileType = sourcecode.c.objc; path = MyRect.m; sourceTree = "<group>"; };
/* End PBXFileReference section */

/* Begin PBXFrameworksBuildPhase section */
		CE27684C19AC57D500416A8C /* Frameworks */ = {
			isa = PBXFrameworksBuildPhase;
			buildActionMask = 2147483647;
			files = (
				CE276FC119AC5A6300416A8C /* CoreText.framework in Frameworks */,
				CE276FE519AC5B1800416A8C /* UIKit.framework in Frameworks */,
				CE276FBF19AC5A5B00416A8C /* CoreGraphics.framework in Frameworks */,
				CE276FBD19AC5A2C00416A8C /* AssetsLibrary.framework in Frameworks */,
				CE276FBB19AC5A1700416A8C /* CoreImage.framework in Frameworks */,
				CE27685319AC57D500416A8C /* Foundation.framework in Frameworks */,
			);
			runOnlyForDeploymentPostprocessing = 0;
		};
/* End PBXFrameworksBuildPhase section */

/* Begin PBXGroup section */
		CE27684619AC57D500416A8C = {
			isa = PBXGroup;
			children = (
				CE27685419AC57D500416A8C /* HB_DZLIB */,
				CE27686819AC57D600416A8C /* HB_DZLIBTests */,
				CE27685119AC57D500416A8C /* Frameworks */,
				CE27685019AC57D500416A8C /* Products */,
			);
			sourceTree = "<group>";
		};
		CE27685019AC57D500416A8C /* Products */ = {
			isa = PBXGroup;
			children = (
				CE27684F19AC57D500416A8C /* libHB_DZLIB.a */,
			);
			name = Products;
			sourceTree = "<group>";
		};
		CE27685119AC57D500416A8C /* Frameworks */ = {
			isa = PBXGroup;
			children = (
				CE276FC019AC5A6300416A8C /* CoreText.framework */,
				CE276FBE19AC5A5B00416A8C /* CoreGraphics.framework */,
				CE276FBC19AC5A2C00416A8C /* AssetsLibrary.framework */,
				CE276FBA19AC5A1700416A8C /* CoreImage.framework */,
				CE27685219AC57D500416A8C /* Foundation.framework */,
				CE27686019AC57D600416A8C /* XCTest.framework */,
				CE276FE419AC5B1800416A8C /* UIKit.framework */,
			);
			name = Frameworks;
			sourceTree = "<group>";
		};
		CE27685419AC57D500416A8C /* HB_DZLIB */ = {
			isa = PBXGroup;
			children = (
				CE2770D019AC6BF700416A8C /* MRC */,
				CE276FE719AC69D500416A8C /* ARC */,
				CE27685719AC57D500416A8C /* HB_DZLIB.h */,
				CE276FAF19AC58D100416A8C /* HB_DZLIBHEADER.h */,
				CE27685919AC57D500416A8C /* HB_DZLIB.m */,
				CE27685519AC57D500416A8C /* Supporting Files */,
			);
			path = HB_DZLIB;
			sourceTree = "<group>";
		};
		CE27685519AC57D500416A8C /* Supporting Files */ = {
			isa = PBXGroup;
			children = (
				CE27685619AC57D500416A8C /* HB_DZLIB-Prefix.pch */,
			);
			name = "Supporting Files";
			sourceTree = "<group>";
		};
		CE27686819AC57D600416A8C /* HB_DZLIBTests */ = {
			isa = PBXGroup;
			children = (
				CE27686E19AC57D600416A8C /* HB_DZLIBTests.m */,
				CE27686919AC57D600416A8C /* Supporting Files */,
			);
			path = HB_DZLIBTests;
			sourceTree = "<group>";
		};
		CE27686919AC57D600416A8C /* Supporting Files */ = {
			isa = PBXGroup;
			children = (
				CE27686A19AC57D600416A8C /* HB_DZLIBTests-Info.plist */,
				CE27686B19AC57D600416A8C /* InfoPlist.strings */,
			);
			name = "Supporting Files";
			sourceTree = "<group>";
		};
		CE276FE719AC69D500416A8C /* ARC */ = {
			isa = PBXGroup;
			children = (
				CE27719F19AC70C700416A8C /* MyRect */,
				CE27718719AC6F3000416A8C /* MJRefresh */,
				CE276FE819AC69D600416A8C /* base64 */,
				CE276FEB19AC69D600416A8C /* DoImagePicker */,
				CE27700519AC69D600416A8C /* FastTextView */,
				CE27701C19AC69D600416A8C /* KGStatusBar */,
				CE27701F19AC69D600416A8C /* libqrencode */,
				CE27703019AC69D600416A8C /* LXActionSheet */,
				CE27703619AC69D600416A8C /* pinyin */,
				CE27704319AC69D600416A8C /* RichTextEditor */,
				CE27706819AC69D600416A8C /* TSLocateView */,
				CE27707619AC69D600416A8C /* ZYQAssetPickerController */,
			);
			path = ARC;
			sourceTree = "<group>";
		};
		CE276FE819AC69D600416A8C /* base64 */ = {
			isa = PBXGroup;
			children = (
				CE276FE919AC69D600416A8C /* NSData+base64.h */,
				CE276FEA19AC69D600416A8C /* NSData+base64.m */,
			);
			path = base64;
			sourceTree = "<group>";
		};
		CE276FEB19AC69D600416A8C /* DoImagePicker */ = {
			isa = PBXGroup;
			children = (
				CE276FEC19AC69D600416A8C /* AssetHelper.h */,
				CE276FED19AC69D600416A8C /* AssetHelper.m */,
				CE276FEE19AC69D600416A8C /* DoAlbumCell.h */,
				CE276FEF19AC69D600416A8C /* DoAlbumCell.m */,
				CE276FF019AC69D600416A8C /* DoAlbumCell.xib */,
				CE276FF119AC69D600416A8C /* DoImagePickerController.h */,
				CE276FF219AC69D600416A8C /* DoImagePickerController.m */,
				CE276FF319AC69D600416A8C /* DoImagePickerController.xib */,
				CE276FF419AC69D600416A8C /* DoPhotoCell.h */,
				CE276FF519AC69D600416A8C /* DoPhotoCell.m */,
				CE276FF619AC69D600416A8C /* DoPhotoCell.xib */,
				CE276FF719AC69D600416A8C /* Images */,
			);
			path = DoImagePicker;
			sourceTree = "<group>";
		};
		CE276FF719AC69D600416A8C /* Images */ = {
			isa = PBXGroup;
			children = (
				CE276FF819AC69D600416A8C /* check.png */,
				CE276FF919AC69D600416A8C /* check@2x.png */,
				CE276FFA19AC69D600416A8C /* close.png */,
				CE276FFB19AC69D600416A8C /* close@2x.png */,
				CE276FFC19AC69D600416A8C /* down.png */,
				CE276FFD19AC69D600416A8C /* down@2x.png */,
				CE276FFE19AC69D600416A8C /* line@2x.png */,
				CE276FFF19AC69D600416A8C /* show.png */,
				CE27700019AC69D600416A8C /* show@2x.png */,
				CE27700119AC69D600416A8C /* up.png */,
				CE27700219AC69D600416A8C /* up@2x.png */,
			);
			path = Images;
			sourceTree = "<group>";
		};
		CE27700519AC69D600416A8C /* FastTextView */ = {
			isa = PBXGroup;
			children = (
				CE27700619AC69D600416A8C /* AttributeConfig.h */,
				CE27700719AC69D600416A8C /* AttributeConfig.m */,
				CE27700819AC69D600416A8C /* CAParagraphLayer.h */,
				CE27700919AC69D600416A8C /* CAParagraphLayer.m */,
				CE27700A19AC69D600416A8C /* ContentViewTiledLayer.h */,
				CE27700B19AC69D600416A8C /* ContentViewTiledLayer.m */,
				CE27700C19AC69D600416A8C /* FastTextStorage.h */,
				CE27700D19AC69D600416A8C /* FastTextStorage.m */,
				CE27700E19AC69D600416A8C /* FastTextView.h */,
				CE27700F19AC69D600416A8C /* FastTextView.m */,
				CE27701019AC69D600416A8C /* FileWrapperObject.h */,
				CE27701119AC69D600416A8C /* FileWrapperObject.m */,
				CE27701219AC69D600416A8C /* NSAttributedString+TextUtil.h */,
				CE27701319AC69D600416A8C /* NSAttributedString+TextUtil.m */,
				CE27701419AC69D600416A8C /* NSMutableAttributedString+TextUtil.h */,
				CE27701519AC69D600416A8C /* NSMutableAttributedString+TextUtil.m */,
				CE27701619AC69D600416A8C /* TextAttchment.h */,
				CE27701719AC69D600416A8C /* TextAttchment.m */,
				CE27701819AC69D600416A8C /* TextParagraph.h */,
				CE27701919AC69D600416A8C /* TextParagraph.m */,
				CE27701A19AC69D600416A8C /* UIFont+TextUtil.h */,
				CE27701B19AC69D600416A8C /* UIFont+TextUtil.m */,
			);
			path = FastTextView;
			sourceTree = "<group>";
		};
		CE27701C19AC69D600416A8C /* KGStatusBar */ = {
			isa = PBXGroup;
			children = (
				CE27701D19AC69D600416A8C /* KGStatusBar.h */,
				CE27701E19AC69D600416A8C /* KGStatusBar.m */,
			);
			path = KGStatusBar;
			sourceTree = "<group>";
		};
		CE27701F19AC69D600416A8C /* libqrencode */ = {
			isa = PBXGroup;
			children = (
				CE27702019AC69D600416A8C /* bitstream.c */,
				CE27702119AC69D600416A8C /* bitstream.h */,
				CE27702219AC69D600416A8C /* mask.c */,
				CE27702319AC69D600416A8C /* mask.h */,
				CE27702419AC69D600416A8C /* QRCodeGenerator.h */,
				CE27702519AC69D600416A8C /* QRCodeGenerator.m */,
				CE27702619AC69D600416A8C /* qrencode.c */,
				CE27702719AC69D600416A8C /* qrencode.h */,
				CE27702819AC69D600416A8C /* qrinput.c */,
				CE27702919AC69D600416A8C /* qrinput.h */,
				CE27702A19AC69D600416A8C /* qrspec.c */,
				CE27702B19AC69D600416A8C /* qrspec.h */,
				CE27702C19AC69D600416A8C /* rscode.c */,
				CE27702D19AC69D600416A8C /* rscode.h */,
				CE27702E19AC69D600416A8C /* split.c */,
				CE27702F19AC69D600416A8C /* split.h */,
			);
			path = libqrencode;
			sourceTree = "<group>";
		};
		CE27703019AC69D600416A8C /* LXActionSheet */ = {
			isa = PBXGroup;
			children = (
				CE27703119AC69D600416A8C /* LXActionSheet.h */,
				CE27703219AC69D600416A8C /* LXActionSheet.m */,
			);
			path = LXActionSheet;
			sourceTree = "<group>";
		};
		CE27703619AC69D600416A8C /* pinyin */ = {
			isa = PBXGroup;
			children = (
				CE27703719AC69D600416A8C /* pinyin.c */,
				CE27703819AC69D600416A8C /* pinyin.h */,
			);
			path = pinyin;
			sourceTree = "<group>";
		};
		CE27704319AC69D600416A8C /* RichTextEditor */ = {
			isa = PBXGroup;
			children = (
				CE27704419AC69D600416A8C /* Lib */,
				CE27706619AC69D600416A8C /* SEPhotoView.h */,
				CE27706719AC69D600416A8C /* SEPhotoView.m */,
			);
			path = RichTextEditor;
			sourceTree = "<group>";
		};
		CE27704419AC69D600416A8C /* Lib */ = {
			isa = PBXGroup;
			children = (
				CE27704519AC69D600416A8C /* NSMutableAttributedString+Helper.h */,
				CE27704619AC69D600416A8C /* NSMutableAttributedString+Helper.m */,
				CE27704719AC69D600416A8C /* SECompatibility.h */,
				CE27704819AC69D600416A8C /* SECompatibility.m */,
				CE27704919AC69D600416A8C /* SEConstants.h */,
				CE27704A19AC69D600416A8C /* SEConstants.m */,
				CE27704B19AC69D600416A8C /* SECoreTextView.bundle */,
				CE27704C19AC69D600416A8C /* SELineLayout.h */,
				CE27704D19AC69D600416A8C /* SELineLayout.m */,
				CE27704E19AC69D600416A8C /* SELinkText.h */,
				CE27704F19AC69D600416A8C /* SELinkText.m */,
				CE27705019AC69D600416A8C /* SESelectionGrabber.h */,
				CE27705119AC69D600416A8C /* SESelectionGrabber.m */,
				CE27705219AC69D600416A8C /* SETextAttachment.h */,
				CE27705319AC69D600416A8C /* SETextAttachment.m */,
				CE27705419AC69D600416A8C /* SETextEditingCaret.h */,
				CE27705519AC69D600416A8C /* SETextEditingCaret.m */,
				CE27705619AC69D600416A8C /* SETextGeometry.h */,
				CE27705719AC69D600416A8C /* SETextGeometry.m */,
				CE27705819AC69D600416A8C /* SETextInput.h */,
				CE27705919AC69D600416A8C /* SETextInput.m */,
				CE27705A19AC69D600416A8C /* SETextLayout.h */,
				CE27705B19AC69D600416A8C /* SETextLayout.m */,
				CE27705C19AC69D600416A8C /* SETextMagnifierCaret.h */,
				CE27705D19AC69D600416A8C /* SETextMagnifierCaret.m */,
				CE27705E19AC69D600416A8C /* SETextMagnifierRanged.h */,
				CE27705F19AC69D600416A8C /* SETextMagnifierRanged.m */,
				CE27706019AC69D600416A8C /* SETextSelection.h */,
				CE27706119AC69D600416A8C /* SETextSelection.m */,
				CE27706219AC69D600416A8C /* SETextSelectionView.h */,
				CE27706319AC69D600416A8C /* SETextSelectionView.m */,
				CE27706419AC69D600416A8C /* SETextView.h */,
				CE27706519AC69D600416A8C /* SETextView.m */,
			);
			path = Lib;
			sourceTree = "<group>";
		};
		CE27706819AC69D600416A8C /* TSLocateView */ = {
			isa = PBXGroup;
			children = (
				CE27706919AC69D600416A8C /* img */,
				CE27707119AC69D600416A8C /* ProvincesAndCities.plist */,
				CE27707219AC69D600416A8C /* TSLocateView.h */,
				CE27707319AC69D600416A8C /* TSLocateView.m */,
				CE27707419AC69D600416A8C /* TSLocation.h */,
				CE27707519AC69D600416A8C /* TSLocation.m */,
			);
			path = TSLocateView;
			sourceTree = "<group>";
		};
		CE27706919AC69D600416A8C /* img */ = {
			isa = PBXGroup;
			children = (
				CE27706A19AC69D600416A8C /* bg_023@2x.png */,
				CE27706B19AC69D600416A8C /* btn_020.disable@2x.png */,
				CE27706C19AC69D600416A8C /* btn_020.press@2x.png */,
				CE27706D19AC69D600416A8C /* btn_020@2x.png */,
				CE27706E19AC69D600416A8C /* btn_021.disable@2x.png */,
				CE27706F19AC69D600416A8C /* btn_021.press@2x.png */,
				CE27707019AC69D600416A8C /* btn_021@2x.png */,
			);
			path = img;
			sourceTree = "<group>";
		};
		CE27707619AC69D600416A8C /* ZYQAssetPickerController */ = {
			isa = PBXGroup;
			children = (
				CE27707719AC69D600416A8C /* ZYQAssetPicker.Bundle */,
				CE27707819AC69D600416A8C /* ZYQAssetPickerController.h */,
				CE27707919AC69D600416A8C /* ZYQAssetPickerController.m */,
			);
			path = ZYQAssetPickerController;
			sourceTree = "<group>";
		};
		CE2770D019AC6BF700416A8C /* MRC */ = {
			isa = PBXGroup;
			children = (
				CE2770D119AC6BF700416A8C /* FaceBoard */,
				CE27715119AC6BF700416A8C /* RTLabel */,
				CE27715619AC6BF700416A8C /* slideview */,
			);
			path = MRC;
			sourceTree = "<group>";
		};
		CE2770D119AC6BF700416A8C /* FaceBoard */ = {
			isa = PBXGroup;
			children = (
				CE2770D219AC6BF700416A8C /* FaceBoard.h */,
				CE2770D319AC6BF700416A8C /* FaceBoard.m */,
				CE2770D419AC6BF700416A8C /* FaceButton.h */,
				CE2770D519AC6BF700416A8C /* FaceButton.m */,
				CE2770D619AC6BF700416A8C /* GrayPageControl.h */,
				CE2770D719AC6BF700416A8C /* GrayPageControl.m */,
				CE2770D819AC6BF700416A8C /* image */,
				CE27711D19AC6BF700416A8C /* image.bundle */,
			);
			path = FaceBoard;
			sourceTree = "<group>";
		};
		CE2770D819AC6BF700416A8C /* image */ = {
			isa = PBXGroup;
			children = (
				CE2770D919AC6BF700416A8C /* chatCell */,
				CE2770DE19AC6BF700416A8C /* expressions */,
				CE27711019AC6BF700416A8C /* faceBoard */,
			);
			path = image;
			sourceTree = "<group>";
		};
		CE2770D919AC6BF700416A8C /* chatCell */ = {
			isa = PBXGroup;
			children = (
				CE2770DA19AC6BF700416A8C /* chat_bg_frd.png */,
				CE2770DB19AC6BF700416A8C /* chat_bg_frd@2x.png */,
				CE2770DC19AC6BF700416A8C /* chat_bg_own.png */,
				CE2770DD19AC6BF700416A8C /* chat_bg_own@2x.png */,
			);
			path = chatCell;
			sourceTree = "<group>";
		};
		CE2770DE19AC6BF700416A8C /* expressions */ = {
			isa = PBXGroup;
			children = (
				CE2770DF19AC6BF700416A8C /* _expression_cn.plist */,
				CE2770E019AC6BF700416A8C /* _expression_en.plist */,
				CE2770E119AC6BF700416A8C /* biggrin.png */,
				CE2770E219AC6BF700416A8C /* biggrin@2x.png */,
				CE2770E319AC6BF700416A8C /* call.png */,
				CE2770E419AC6BF700416A8C /* call@2x.png */,
				CE2770E519AC6BF700416A8C /* cry.png */,
				CE2770E619AC6BF700416A8C /* cry@2x.png */,
				CE2770E719AC6BF700416A8C /* curse.png */,
				CE2770E819AC6BF700416A8C /* curse@2x.png */,
				CE2770E919AC6BF700416A8C /* dizzy.png */,
				CE2770EA19AC6BF700416A8C /* dizzy@2x.png */,
				CE2770EB19AC6BF700416A8C /* funk.png */,
				CE2770EC19AC6BF700416A8C /* funk@2x.png */,
				CE2770ED19AC6BF700416A8C /* handshake.png */,
				CE2770EE19AC6BF700416A8C /* handshake@2x.png */,
				CE2770EF19AC6BF700416A8C /* huffy.png */,
				CE2770F019AC6BF700416A8C /* huffy@2x.png */,
				CE2770F119AC6BF700416A8C /* hug.png */,
				CE2770F219AC6BF700416A8C /* hug@2x.png */,
				CE2770F319AC6BF700416A8C /* kiss.png */,
				CE2770F419AC6BF700416A8C /* kiss@2x.png */,
				CE2770F519AC6BF700416A8C /* lol.png */,
				CE2770F619AC6BF700416A8C /* lol@2x.png */,
				CE2770F719AC6BF700416A8C /* loveliness.png */,
				CE2770F819AC6BF700416A8C /* loveliness@2x.png */,
				CE2770F919AC6BF700416A8C /* mad.png */,
				CE2770FA19AC6BF700416A8C /* mad@2x.png */,
				CE2770FB19AC6BF700416A8C /* sad.png */,
				CE2770FC19AC6BF700416A8C /* sad@2x.png */,
				CE2770FD19AC6BF700416A8C /* shocked.png */,
				CE2770FE19AC6BF700416A8C /* shocked@2x.png */,
				CE2770FF19AC6BF700416A8C /* shutup.png */,
				CE27710019AC6BF700416A8C /* shutup@2x.png */,
				CE27710119AC6BF700416A8C /* shy.png */,
				CE27710219AC6BF700416A8C /* shy@2x.png */,
				CE27710319AC6BF700416A8C /* sleepy.png */,
				CE27710419AC6BF700416A8C /* sleepy@2x.png */,
				CE27710519AC6BF700416A8C /* smile.png */,
				CE27710619AC6BF700416A8C /* smile@2x.png */,
				CE27710719AC6BF700416A8C /* sweat.png */,
				CE27710819AC6BF700416A8C /* sweat@2x.png */,
				CE27710919AC6BF700416A8C /* time@2x.png */,
				CE27710A19AC6BF700416A8C /* titter.png */,
				CE27710B19AC6BF700416A8C /* titter@2x.png */,
				CE27710C19AC6BF700416A8C /* tongue.png */,
				CE27710D19AC6BF700416A8C /* tongue@2x.png */,
				CE27710E19AC6BF700416A8C /* victory.png */,
				CE27710F19AC6BF700416A8C /* victory@2x.png */,
			);
			path = expressions;
			sourceTree = "<group>";
		};
		CE27711019AC6BF700416A8C /* faceBoard */ = {
			isa = PBXGroup;
			children = (
				CE27711119AC6BF700416A8C /* active_page_image.png */,
				CE27711219AC6BF700416A8C /* active_page_image@2x.png */,
				CE27711319AC6BF700416A8C /* board_emoji.png */,
				CE27711419AC6BF700416A8C /* board_emoji@2x.png */,
				CE27711519AC6BF700416A8C /* board_system.png */,
				CE27711619AC6BF700416A8C /* board_system@2x.png */,
				CE27711719AC6BF700416A8C /* del_emoji_normal.png */,
				CE27711819AC6BF700416A8C /* del_emoji_normal@2x.png */,
				CE27711919AC6BF700416A8C /* del_emoji_select.png */,
				CE27711A19AC6BF700416A8C /* del_emoji_select@2x.png */,
				CE27711B19AC6BF700416A8C /* inactive_page_image.png */,
				CE27711C19AC6BF700416A8C /* inactive_page_image@2x.png */,
			);
			path = faceBoard;
			sourceTree = "<group>";
		};
		CE27715119AC6BF700416A8C /* RTLabel */ = {
			isa = PBXGroup;
			children = (
				CE27715219AC6BF700416A8C /* RCLabel.h */,
				CE27715319AC6BF700416A8C /* RCLabel.m */,
				CE27715419AC6BF700416A8C /* RTLabel.h */,
				CE27715519AC6BF700416A8C /* RTLabel.m */,
			);
			path = RTLabel;
			sourceTree = "<group>";
		};
		CE27715619AC6BF700416A8C /* slideview */ = {
			isa = PBXGroup;
			children = (
				CE27715719AC6BF700416A8C /* icon_rightarrow.png */,
				CE27715819AC6BF700416A8C /* icon_rightarrow@2x.png */,
				CE27715919AC6BF700416A8C /* QCListViewController.h */,
				CE27715A19AC6BF700416A8C /* QCListViewController.m */,
				CE27715B19AC6BF700416A8C /* QCListViewController.xib */,
				CE27715C19AC6BF700416A8C /* QCSlideSwitchView.h */,
				CE27715D19AC6BF700416A8C /* QCSlideSwitchView.m */,
				CE27716119AC6BF700416A8C /* QCViewController.h */,
				CE27716219AC6BF700416A8C /* QCViewController.m */,
				CE27716319AC6BF700416A8C /* red_line_and_shadow.png */,
				CE27716419AC6BF700416A8C /* red_line_and_shadow@2x.png */,
				CE27716519AC6BF700416A8C /* SVGloble.h */,
				CE27716619AC6BF700416A8C /* SVGloble.m */,
				CE27716719AC6BF700416A8C /* SVRootScrollView.h */,
				CE27716819AC6BF700416A8C /* SVRootScrollView.m */,
				CE27716919AC6BF700416A8C /* SVTopScrollView.h */,
				CE27716A19AC6BF700416A8C /* SVTopScrollView.m */,
				CE27716B19AC6BF700416A8C /* UIButton+RedPoint.h */,
				CE27716C19AC6BF700416A8C /* UIButton+RedPoint.m */,
			);
			path = slideview;
			sourceTree = "<group>";
		};
		CE27718719AC6F3000416A8C /* MJRefresh */ = {
			isa = PBXGroup;
			children = (
				CE27718819AC6F3000416A8C /* MJRefresh.bundle */,
				CE27718919AC6F3000416A8C /* MJRefresh.h */,
				CE27718A19AC6F3000416A8C /* MJRefreshBaseView.h */,
				CE27718B19AC6F3000416A8C /* MJRefreshBaseView.m */,
				CE27718C19AC6F3000416A8C /* MJRefreshConst.h */,
				CE27718D19AC6F3000416A8C /* MJRefreshConst.m */,
				CE27718E19AC6F3000416A8C /* MJRefreshFooterView.h */,
				CE27718F19AC6F3000416A8C /* MJRefreshFooterView.m */,
				CE27719019AC6F3000416A8C /* MJRefreshHeaderView.h */,
				CE27719119AC6F3000416A8C /* MJRefreshHeaderView.m */,
				CE27719219AC6F3000416A8C /* UIScrollView+Extension.h */,
				CE27719319AC6F3000416A8C /* UIScrollView+Extension.m */,
				CE27719419AC6F3000416A8C /* UIScrollView+MJRefresh.h */,
				CE27719519AC6F3000416A8C /* UIScrollView+MJRefresh.m */,
				CE27719619AC6F3000416A8C /* UIView+Extension.h */,
				CE27719719AC6F3000416A8C /* UIView+Extension.m */,
			);
			path = MJRefresh;
			sourceTree = "<group>";
		};
		CE27719F19AC70C700416A8C /* MyRect */ = {
			isa = PBXGroup;
			children = (
				CE2771A019AC70C700416A8C /* MyRect.h */,
				CE2771A119AC70C700416A8C /* MyRect.m */,
			);
			path = MyRect;
			sourceTree = "<group>";
		};
/* End PBXGroup section */

/* Begin PBXNativeTarget section */
		CE27684E19AC57D500416A8C /* HB_DZLIB */ = {
			isa = PBXNativeTarget;
			buildConfigurationList = CE27687219AC57D600416A8C /* Build configuration list for PBXNativeTarget "HB_DZLIB" */;
			buildPhases = (
				CE27684B19AC57D500416A8C /* Sources */,
				CE27684C19AC57D500416A8C /* Frameworks */,
				CE27684D19AC57D500416A8C /* CopyFiles */,
			);
			buildRules = (
			);
			dependencies = (
			);
			name = HB_DZLIB;
			productName = HB_DZLIB;
			productReference = CE27684F19AC57D500416A8C /* libHB_DZLIB.a */;
			productType = "com.apple.product-type.library.static";
		};
/* End PBXNativeTarget section */

/* Begin PBXProject section */
		CE27684719AC57D500416A8C /* Project object */ = {
			isa = PBXProject;
			attributes = {
				LastUpgradeCheck = 0510;
				ORGANIZATIONNAME = Nonato;
			};
			buildConfigurationList = CE27684A19AC57D500416A8C /* Build configuration list for PBXProject "HB_DZLIB" */;
			compatibilityVersion = "Xcode 3.2";
			developmentRegion = English;
			hasScannedForEncodings = 0;
			knownRegions = (
				en,
			);
			mainGroup = CE27684619AC57D500416A8C;
			productRefGroup = CE27685019AC57D500416A8C /* Products */;
			projectDirPath = "";
			projectRoot = "";
			targets = (
				CE27684E19AC57D500416A8C /* HB_DZLIB */,
			);
		};
/* End PBXProject section */

/* Begin PBXSourcesBuildPhase section */
		CE27684B19AC57D500416A8C /* Sources */ = {
			isa = PBXSourcesBuildPhase;
			buildActionMask = 2147483647;
			files = (
				CE27718519AC6BF700416A8C /* SVTopScrollView.m in Sources */,
				CE2770A919AC69D600416A8C /* ZYQAssetPickerController.m in Sources */,
				CE27709619AC69D600416A8C /* NSMutableAttributedString+Helper.m in Sources */,
				CE27708519AC69D600416A8C /* NSAttributedString+TextUtil.m in Sources */,
				CE27707C19AC69D600416A8C /* DoAlbumCell.m in Sources */,
				CE27709C19AC69D600416A8C /* SETextAttachment.m in Sources */,
				CE27707B19AC69D600416A8C /* AssetHelper.m in Sources */,
				CE27708219AC69D600416A8C /* FastTextStorage.m in Sources */,
				CE2770A319AC69D600416A8C /* SETextSelection.m in Sources */,
				CE27709219AC69D600416A8C /* split.c in Sources */,
				CE27709F19AC69D600416A8C /* SETextInput.m in Sources */,
				CE27719B19AC6F3000416A8C /* MJRefreshHeaderView.m in Sources */,
				CE27708319AC69D600416A8C /* FastTextView.m in Sources */,
				CE27709E19AC69D600416A8C /* SETextGeometry.m in Sources */,
				CE27708819AC69D600416A8C /* TextParagraph.m in Sources */,
				CE2770A519AC69D600416A8C /* SETextView.m in Sources */,
				CE27718619AC6BF700416A8C /* UIButton+RedPoint.m in Sources */,
				CE2770A219AC69D600416A8C /* SETextMagnifierRanged.m in Sources */,
				CE27719819AC6F3000416A8C /* MJRefreshBaseView.m in Sources */,
				CE27708919AC69D600416A8C /* UIFont+TextUtil.m in Sources */,
				CE27709519AC69D600416A8C /* pinyin.c in Sources */,
				CE27719E19AC6F3000416A8C /* UIView+Extension.m in Sources */,
				CE27709B19AC69D600416A8C /* SESelectionGrabber.m in Sources */,
				CE27709019AC69D600416A8C /* qrspec.c in Sources */,
				CE2770A419AC69D600416A8C /* SETextSelectionView.m in Sources */,
				CE27717D19AC6BF700416A8C /* RCLabel.m in Sources */,
				CE27708A19AC69D600416A8C /* KGStatusBar.m in Sources */,
				CE27719C19AC6F3000416A8C /* UIScrollView+Extension.m in Sources */,
				CE27707D19AC69D600416A8C /* DoImagePickerController.m in Sources */,
				CE27709319AC69D600416A8C /* LXActionSheet.m in Sources */,
				CE27707F19AC69D600416A8C /* AttributeConfig.m in Sources */,
				CE27717F19AC6BF700416A8C /* QCListViewController.m in Sources */,
				CE2770A019AC69D600416A8C /* SETextLayout.m in Sources */,
				CE27708619AC69D600416A8C /* NSMutableAttributedString+TextUtil.m in Sources */,
				CE27719A19AC6F3000416A8C /* MJRefreshFooterView.m in Sources */,
				CE27708019AC69D600416A8C /* CAParagraphLayer.m in Sources */,
				CE27708119AC69D600416A8C /* ContentViewTiledLayer.m in Sources */,
				CE27708B19AC69D600416A8C /* bitstream.c in Sources */,
				CE27719D19AC6F3000416A8C /* UIScrollView+MJRefresh.m in Sources */,
				CE27709A19AC69D600416A8C /* SELinkText.m in Sources */,
				CE27709D19AC69D600416A8C /* SETextEditingCaret.m in Sources */,
				CE27716E19AC6BF700416A8C /* FaceButton.m in Sources */,
				CE27708D19AC69D600416A8C /* QRCodeGenerator.m in Sources */,
				CE27707E19AC69D600416A8C /* DoPhotoCell.m in Sources */,
				CE2770A619AC69D600416A8C /* SEPhotoView.m in Sources */,
				CE27708F19AC69D600416A8C /* qrinput.c in Sources */,
				CE27709119AC69D600416A8C /* rscode.c in Sources */,
				CE27717E19AC6BF700416A8C /* RTLabel.m in Sources */,
				CE27709919AC69D600416A8C /* SELineLayout.m in Sources */,
				CE27718419AC6BF700416A8C /* SVRootScrollView.m in Sources */,
				CE2770A119AC69D600416A8C /* SETextMagnifierCaret.m in Sources */,
				CE27708C19AC69D600416A8C /* mask.c in Sources */,
				CE27718019AC6BF700416A8C /* QCSlideSwitchView.m in Sources */,
				CE2770A819AC69D600416A8C /* TSLocation.m in Sources */,
				CE27685A19AC57D500416A8C /* HB_DZLIB.m in Sources */,
				CE27718319AC6BF700416A8C /* SVGloble.m in Sources */,
				CE2770A719AC69D600416A8C /* TSLocateView.m in Sources */,
				CE27708419AC69D600416A8C /* FileWrapperObject.m in Sources */,
				CE27709719AC69D600416A8C /* SECompatibility.m in Sources */,
				CE27707A19AC69D600416A8C /* NSData+base64.m in Sources */,
				CE27709819AC69D600416A8C /* SEConstants.m in Sources */,
				CE27718219AC6BF700416A8C /* QCViewController.m in Sources */,
				CE27716D19AC6BF700416A8C /* FaceBoard.m in Sources */,
				CE27719919AC6F3000416A8C /* MJRefreshConst.m in Sources */,
				CE27716F19AC6BF700416A8C /* GrayPageControl.m in Sources */,
				CE27708E19AC69D600416A8C /* qrencode.c in Sources */,
				CE27708719AC69D600416A8C /* TextAttchment.m in Sources */,
				CE2771A219AC70C700416A8C /* MyRect.m in Sources */,
			);
			runOnlyForDeploymentPostprocessing = 0;
		};
/* End PBXSourcesBuildPhase section */

/* Begin PBXVariantGroup section */
		CE27686B19AC57D600416A8C /* InfoPlist.strings */ = {
			isa = PBXVariantGroup;
			children = (
				CE27686C19AC57D600416A8C /* en */,
			);
			name = InfoPlist.strings;
			sourceTree = "<group>";
		};
/* End PBXVariantGroup section */

/* Begin XCBuildConfiguration section */
		CE27687019AC57D600416A8C /* Debug */ = {
			isa = XCBuildConfiguration;
			buildSettings = {
				ALWAYS_SEARCH_USER_PATHS = NO;
				CLANG_CXX_LANGUAGE_STANDARD = "gnu++0x";
				CLANG_CXX_LIBRARY = "libc++";
				CLANG_ENABLE_MODULES = NO;
				CLANG_ENABLE_OBJC_ARC = YES;
				CLANG_WARN_BOOL_CONVERSION = YES;
				CLANG_WARN_CONSTANT_CONVERSION = YES;
				CLANG_WARN_DIRECT_OBJC_ISA_USAGE = NO;
				CLANG_WARN_EMPTY_BODY = YES;
				CLANG_WARN_ENUM_CONVERSION = YES;
				CLANG_WARN_INT_CONVERSION = YES;
				CLANG_WARN_OBJC_ROOT_CLASS = YES_ERROR;
				CLANG_WARN__DUPLICATE_METHOD_MATCH = YES;
				COPY_PHASE_STRIP = NO;
				GCC_C_LANGUAGE_STANDARD = gnu99;
				GCC_DYNAMIC_NO_PIC = NO;
				GCC_OPTIMIZATION_LEVEL = 0;
				GCC_PREPROCESSOR_DEFINITIONS = (
					"DEBUG=1",
					"$(inherited)",
				);
				GCC_SYMBOLS_PRIVATE_EXTERN = NO;
				GCC_WARN_64_TO_32_BIT_CONVERSION = YES;
				GCC_WARN_ABOUT_RETURN_TYPE = YES_ERROR;
				GCC_WARN_UNDECLARED_SELECTOR = YES;
				GCC_WARN_UNINITIALIZED_AUTOS = YES_AGGRESSIVE;
				GCC_WARN_UNUSED_FUNCTION = YES;
				GCC_WARN_UNUSED_VARIABLE = YES;
				IPHONEOS_DEPLOYMENT_TARGET = 7.1;
				ONLY_ACTIVE_ARCH = YES;
				SDKROOT = iphoneos;
			};
			name = Debug;
		};
		CE27687119AC57D600416A8C /* Release */ = {
			isa = XCBuildConfiguration;
			buildSettings = {
				ALWAYS_SEARCH_USER_PATHS = NO;
				CLANG_CXX_LANGUAGE_STANDARD = "gnu++0x";
				CLANG_CXX_LIBRARY = "libc++";
				CLANG_ENABLE_MODULES = NO;
				CLANG_ENABLE_OBJC_ARC = YES;
				CLANG_WARN_BOOL_CONVERSION = YES;
				CLANG_WARN_CONSTANT_CONVERSION = YES;
				CLANG_WARN_DIRECT_OBJC_ISA_USAGE = NO;
				CLANG_WARN_EMPTY_BODY = YES;
				CLANG_WARN_ENUM_CONVERSION = YES;
				CLANG_WARN_INT_CONVERSION = YES;
				CLANG_WARN_OBJC_ROOT_CLASS = YES_ERROR;
				CLANG_WARN__DUPLICATE_METHOD_MATCH = YES;
				COPY_PHASE_STRIP = YES;
				ENABLE_NS_ASSERTIONS = NO;
				GCC_C_LANGUAGE_STANDARD = gnu99;
				GCC_WARN_64_TO_32_BIT_CONVERSION = YES;
				GCC_WARN_ABOUT_RETURN_TYPE = YES_ERROR;
				GCC_WARN_UNDECLARED_SELECTOR = YES;
				GCC_WARN_UNINITIALIZED_AUTOS = YES_AGGRESSIVE;
				GCC_WARN_UNUSED_FUNCTION = YES;
				GCC_WARN_UNUSED_VARIABLE = YES;
				IPHONEOS_DEPLOYMENT_TARGET = 7.1;
				SDKROOT = iphoneos;
				VALIDATE_PRODUCT = YES;
			};
			name = Release;
		};
		CE27687319AC57D600416A8C /* Debug */ = {
			isa = XCBuildConfiguration;
			buildSettings = {
				DSTROOT = /tmp/HB_DZLIB.dst;
				GCC_PRECOMPILE_PREFIX_HEADER = YES;
				GCC_PREFIX_HEADER = "HB_DZLIB/HB_DZLIB-Prefix.pch";
				OTHER_LDFLAGS = "-ObjC";
				PRODUCT_NAME = "$(TARGET_NAME)";
				SKIP_INSTALL = YES;
			};
			name = Debug;
		};
		CE27687419AC57D600416A8C /* Release */ = {
			isa = XCBuildConfiguration;
			buildSettings = {
				DSTROOT = /tmp/HB_DZLIB.dst;
				GCC_PRECOMPILE_PREFIX_HEADER = YES;
				GCC_PREFIX_HEADER = "HB_DZLIB/HB_DZLIB-Prefix.pch";
				OTHER_LDFLAGS = "-ObjC";
				PRODUCT_NAME = "$(TARGET_NAME)";
				SKIP_INSTALL = YES;
			};
			name = Release;
		};
/* End XCBuildConfiguration section */

/* Begin XCConfigurationList section */
		CE27684A19AC57D500416A8C /* Build configuration list for PBXProject "HB_DZLIB" */ = {
			isa = XCConfigurationList;
			buildConfigurations = (
				CE27687019AC57D600416A8C /* Debug */,
				CE27687119AC57D600416A8C /* Release */,
			);
			defaultConfigurationIsVisible = 0;
			defaultConfigurationName = Release;
		};
		CE27687219AC57D600416A8C /* Build configuration list for PBXNativeTarget "HB_DZLIB" */ = {
			isa = XCConfigurationList;
			buildConfigurations = (
				CE27687319AC57D600416A8C /* Debug */,
				CE27687419AC57D600416A8C /* Release */,
			);
			defaultConfigurationIsVisible = 0;
			defaultConfigurationName = Release;
		};
/* End XCConfigurationList section */
	};
	rootObject = CE27684719AC57D500416A8C /* Project object */;
}
